// !$*UTF8*$!
{
	archiveVersion = 1;
	classes = {
	};
	objectVersion = 46;
	objects = {

/* Begin PBXAggregateTarget section */
		5312ECC1CCE2170D13B23A20 /* MyJX11 - All */ = {
			isa = PBXAggregateTarget;
			buildConfigurationList = DF7BEAD797638475E2D2DC4B;
			buildPhases = (
			);
			dependencies = (
				1A96DA46B1AFFA418AB405AB,
				0B634B7543DC7B16E2DEC20D,
				7D9DC2468F7D88EDEBC93B06,
				27CE975407B7DE7B658B4BB1,
			);
			name = "MyJX11 - All";
			productName = MyJX11;
		};
/* End PBXAggregateTarget section */

/* Begin PBXBuildFile section */
		069C4C13DCBF8DF5DB589448 /* include_juce_audio_processors_lv2_libs.cpp */ = {isa = PBXBuildFile; fileRef = C694E67FDE9944854B994A74; };
		0A3545C48977B8BFD0E6C02B /* include_juce_data_structures.mm */ = {isa = PBXBuildFile; fileRef = 87B01B9EB7E75F6700712257; };
		0FA7D517E9614579379B6AF4 /* include_juce_events.mm */ = {isa = PBXBuildFile; fileRef = A32BA3B022F1D032FC67E241; };
		1040BBCF073E53F26D7C01B8 /* include_juce_audio_processors.mm */ = {isa = PBXBuildFile; fileRef = CE0C86BE657AF5645740CB0A; };
		114D330C9B813DCE0822C098 /* include_juce_audio_plugin_client_Standalone.cpp */ = {isa = PBXBuildFile; fileRef = 66B2F285F9DDC5DBB893B2D7; };
		14D1D0203A3A4FF48182519E /* include_juce_audio_formats.mm */ = {isa = PBXBuildFile; fileRef = 5FEBA57EA077150450AD9B4A; };
		24BAC7A743EDBE9390BCECE8 /* Shared Code */ = {isa = PBXBuildFile; fileRef = 9EBA1BE89FA5A47BF78DE9D1; };
		2B8DA7BC9D445B8D4BBA767F /* Foundation.framework */ = {isa = PBXBuildFile; fileRef = 25A7B9D6EE17A820C445FDAD; };
		346126E0EC46438C34B42933 /* Security.framework */ = {isa = PBXBuildFile; fileRef = 9787F327763F1CEFE5A3C366; };
		451585D75D058C5E104911A4 /* include_juce_audio_plugin_client_VST3.mm */ = {isa = PBXBuildFile; fileRef = E50C23BA936ED51D1ADA55D7; };
		4E197E0340EFC0EADC3FBB1A /* Cocoa.framework */ = {isa = PBXBuildFile; fileRef = 3E40F38382962E48925CC85E; };
		55DBB32B5C201DF34CF270D1 /* PluginEditor.cpp */ = {isa = PBXBuildFile; fileRef = 0D121F269CFB5D523BC0B939; };
		5B95410A1040AC1B0D989A40 /* Metal.framework */ = {isa = PBXBuildFile; fileRef = BA0148077A2C6A420F81A653; settings = { ATTRIBUTES = (Weak, ); }; };
		5EA0E2672CEA48A51C418A83 /* CoreAudioKit.framework */ = {isa = PBXBuildFile; fileRef = 1C8C0E0A10B2A9EC1B8E5A82; };
		6E1460BCFC199E4830D88352 /* juce_VST3ManifestHelper.mm */ = {isa = PBXBuildFile; fileRef = 39E25FEA2CB01ECCFED8B5AF; settings = { COMPILER_FLAGS = "-std=c++17 -fobjc-arc -w -DJUCE_SKIP_PRECOMPILED_HEADER"; }; };
		82B66FBEFC696E1C9EE7BCE9 /* include_juce_gui_extra.mm */ = {isa = PBXBuildFile; fileRef = 7BCD1501E9DFFB06ED469CBE; };
		83AB7DB08A276962E14E0309 /* include_juce_audio_basics.mm */ = {isa = PBXBuildFile; fileRef = 7F4D8CC3DA2DCFD634EB58DB; };
		83F8C7C364CB048DAE91B00F /* WebKit.framework */ = {isa = PBXBuildFile; fileRef = 77E52B1A2FE15B486F0BA595; };
		8415016CCECB06C0C14B94E0 /* include_juce_audio_processors_ara.cpp */ = {isa = PBXBuildFile; fileRef = 65A5621A473BFDA97AA411B4; };
		84EEC132106101E6A4139BDC /* CoreAudio.framework */ = {isa = PBXBuildFile; fileRef = 482F1F084BF04A3F2C1E03A9; };
		87ECD3F79D04E9295A10C08C /* include_juce_audio_plugin_client_ARA.cpp */ = {isa = PBXBuildFile; fileRef = 91AE341B536D771A7B394240; };
		9FBFF23A24A75706FE2DBDE6 /* Standalone Plugin */ = {isa = PBXBuildFile; fileRef = AE659B5A0CCAB190F2EDDE0A; };
		A7A4594D58B8734D764D160E /* RecentFilesMenuTemplate.nib */ = {isa = PBXBuildFile; fileRef = 7F72112A3C88935F32E7380A; };
		A8FC4C97A89000C361DB26E1 /* include_juce_graphics.mm */ = {isa = PBXBuildFile; fileRef = 08FA8DCFC650F4B8A6BB70C6; };
		B1F200189B7F5B14D006CCB7 /* MetalKit.framework */ = {isa = PBXBuildFile; fileRef = 957415A7A4AE64C134FC4201; settings = { ATTRIBUTES = (Weak, ); }; };
		B6B7F5981A8038A226642085 /* include_juce_audio_devices.mm */ = {isa = PBXBuildFile; fileRef = AFB920F40770C29DE26BC35D; };
		B6ECDEBF9AB465FDC7919323 /* include_juce_audio_utils.mm */ = {isa = PBXBuildFile; fileRef = DCEDB65195E80016DBE71CEE; };
		C0E92FF3EAA51ADBEABC9BDC /* QuartzCore.framework */ = {isa = PBXBuildFile; fileRef = 4DBBC2693C9DA6C13277696B; };
		C583519A0630EDB6DF87DC63 /* IOKit.framework */ = {isa = PBXBuildFile; fileRef = 1E7006A2CE51F9ED1DA60692; };
		C89503FFE31A643B26162B93 /* VST3 */ = {isa = PBXBuildFile; fileRef = D61004AFD37CBE61ECA1ACD1; };
		CA91DA837DF94D484552B91F /* DiscRecording.framework */ = {isa = PBXBuildFile; fileRef = 4AC1F1C476A365CFF320A0B1; };
		CD5E99AF2CA5B74A33EFEEB8 /* include_juce_core.mm */ = {isa = PBXBuildFile; fileRef = 9284AFD1461D7DBE3439A142; };
		CE7786E09B3C6855B9D0479B /* VST3 Manifest Helper */ = {isa = PBXBuildFile; fileRef = 8872A363F70317A66A939372; };
		D191DD7539817278FAFFE0EB /* AudioToolbox.framework */ = {isa = PBXBuildFile; fileRef = 0FD88ED960D769E891E0C0A9; };
		EF1E8AE68F7DDE22D6CB1529 /* PluginProcessor.cpp */ = {isa = PBXBuildFile; fileRef = EE86E42D81A1DBBBECD5278A; };
		F05C87286F0EFCFB28A24E55 /* Synth.cpp */ = {isa = PBXBuildFile; fileRef = 671E905D611B419BF8336532; };
		F0A069EA0CB25D3B1B69ADBD /* include_juce_gui_basics.mm */ = {isa = PBXBuildFile; fileRef = D35FB1D774DC289E65C9C640; };
		F54FF32A0C8BD19C3565F45B /* Accelerate.framework */ = {isa = PBXBuildFile; fileRef = 35C98E3643FDF2F755AD0039; };
		FCB4DEDF64C04156B318C6B8 /* CoreMIDI.framework */ = {isa = PBXBuildFile; fileRef = 4A6A8DD69E58BD5E18D5394A; };
/* End PBXBuildFile section */

/* Begin PBXFileReference section */
		0830B69317B46F89AD51B9B1 /* PluginEditor.h */ /* PluginEditor.h */ = {isa = PBXFileReference; lastKnownFileType = sourcecode.c.h; name = PluginEditor.h; path = ../../Source/PluginEditor.h; sourceTree = SOURCE_ROOT; };
		08FA8DCFC650F4B8A6BB70C6 /* include_juce_graphics.mm */ /* include_juce_graphics.mm */ = {isa = PBXFileReference; lastKnownFileType = sourcecode.cpp.objcpp; name = include_juce_graphics.mm; path = ../../JuceLibraryCode/include_juce_graphics.mm; sourceTree = SOURCE_ROOT; };
		0D121F269CFB5D523BC0B939 /* PluginEditor.cpp */ /* PluginEditor.cpp */ = {isa = PBXFileReference; lastKnownFileType = sourcecode.cpp.cpp; name = PluginEditor.cpp; path = ../../Source/PluginEditor.cpp; sourceTree = SOURCE_ROOT; };
		0FD88ED960D769E891E0C0A9 /* AudioToolbox.framework */ /* AudioToolbox.framework */ = {isa = PBXFileReference; lastKnownFileType = wrapper.framework; name = AudioToolbox.framework; path = System/Library/Frameworks/AudioToolbox.framework; sourceTree = SDKROOT; };
		11255A24011CF35FC8D95F17 /* juce_graphics */ /* juce_graphics */ = {isa = PBXFileReference; lastKnownFileType = folder; name = juce_graphics; path = /Users/themackbook/Documents/JUCE/modules/juce_graphics; sourceTree = "<absolute>"; };
		1C8C0E0A10B2A9EC1B8E5A82 /* CoreAudioKit.framework */ /* CoreAudioKit.framework */ = {isa = PBXFileReference; lastKnownFileType = wrapper.framework; name = CoreAudioKit.framework; path = System/Library/Frameworks/CoreAudioKit.framework; sourceTree = SDKROOT; };
		1E7006A2CE51F9ED1DA60692 /* IOKit.framework */ /* IOKit.framework */ = {isa = PBXFileReference; lastKnownFileType = wrapper.framework; name = IOKit.framework; path = System/Library/Frameworks/IOKit.framework; sourceTree = SDKROOT; };
		22D80C1239E4BA24C7595E53 /* juce_core */ /* juce_core */ = {isa = PBXFileReference; lastKnownFileType = folder; name = juce_core; path = /Users/themackbook/Documents/JUCE/modules/juce_core; sourceTree = "<absolute>"; };
		25A7B9D6EE17A820C445FDAD /* Foundation.framework */ /* Foundation.framework */ = {isa = PBXFileReference; lastKnownFileType = wrapper.framework; name = Foundation.framework; path = System/Library/Frameworks/Foundation.framework; sourceTree = SDKROOT; };
		2CFB943FB1881C31870CFB99 /* Info-VST3_Manifest_Helper.plist */ /* Info-VST3_Manifest_Helper.plist */ = {isa = PBXFileReference; lastKnownFileType = text.plist.xml; name = "Info-VST3_Manifest_Helper.plist"; path = "Info-VST3_Manifest_Helper.plist"; sourceTree = SOURCE_ROOT; };
		35C98E3643FDF2F755AD0039 /* Accelerate.framework */ /* Accelerate.framework */ = {isa = PBXFileReference; lastKnownFileType = wrapper.framework; name = Accelerate.framework; path = System/Library/Frameworks/Accelerate.framework; sourceTree = SDKROOT; };
		37EF511A0E2F1C2B2E44DD58 /* juce_audio_formats */ /* juce_audio_formats */ = {isa = PBXFileReference; lastKnownFileType = folder; name = juce_audio_formats; path = /Users/themackbook/Documents/JUCE/modules/juce_audio_formats; sourceTree = "<absolute>"; };
		39E25FEA2CB01ECCFED8B5AF /* juce_VST3ManifestHelper.mm */ /* juce_VST3ManifestHelper.mm */ = {isa = PBXFileReference; lastKnownFileType = sourcecode.cpp.objcpp; name = juce_VST3ManifestHelper.mm; path = /Users/themackbook/Documents/JUCE/modules/juce_audio_plugin_client/VST3/juce_VST3ManifestHelper.mm; sourceTree = "<absolute>"; };
		3E40F38382962E48925CC85E /* Cocoa.framework */ /* Cocoa.framework */ = {isa = PBXFileReference; lastKnownFileType = wrapper.framework; name = Cocoa.framework; path = System/Library/Frameworks/Cocoa.framework; sourceTree = SDKROOT; };
		47538B4E796E659B3DCF4BEC /* JuceHeader.h */ /* JuceHeader.h */ = {isa = PBXFileReference; lastKnownFileType = sourcecode.c.h; name = JuceHeader.h; path = ../../JuceLibraryCode/JuceHeader.h; sourceTree = SOURCE_ROOT; };
		482F1F084BF04A3F2C1E03A9 /* CoreAudio.framework */ /* CoreAudio.framework */ = {isa = PBXFileReference; lastKnownFileType = wrapper.framework; name = CoreAudio.framework; path = System/Library/Frameworks/CoreAudio.framework; sourceTree = SDKROOT; };
		4A6A8DD69E58BD5E18D5394A /* CoreMIDI.framework */ /* CoreMIDI.framework */ = {isa = PBXFileReference; lastKnownFileType = wrapper.framework; name = CoreMIDI.framework; path = System/Library/Frameworks/CoreMIDI.framework; sourceTree = SDKROOT; };
		4AC1F1C476A365CFF320A0B1 /* DiscRecording.framework */ /* DiscRecording.framework */ = {isa = PBXFileReference; lastKnownFileType = wrapper.framework; name = DiscRecording.framework; path = System/Library/Frameworks/DiscRecording.framework; sourceTree = SDKROOT; };
		4BE8756A1079F72456959FC2 /* JucePluginDefines.h */ /* JucePluginDefines.h */ = {isa = PBXFileReference; lastKnownFileType = sourcecode.c.h; name = JucePluginDefines.h; path = ../../JuceLibraryCode/JucePluginDefines.h; sourceTree = SOURCE_ROOT; };
		4DBBC2693C9DA6C13277696B /* QuartzCore.framework */ /* QuartzCore.framework */ = {isa = PBXFileReference; lastKnownFileType = wrapper.framework; name = QuartzCore.framework; path = System/Library/Frameworks/QuartzCore.framework; sourceTree = SDKROOT; };
		5FEBA57EA077150450AD9B4A /* include_juce_audio_formats.mm */ /* include_juce_audio_formats.mm */ = {isa = PBXFileReference; lastKnownFileType = sourcecode.cpp.objcpp; name = include_juce_audio_formats.mm; path = ../../JuceLibraryCode/include_juce_audio_formats.mm; sourceTree = SOURCE_ROOT; };
		6507FEF83606DB8E09A76C40 /* juce_audio_processors */ /* juce_audio_processors */ = {isa = PBXFileReference; lastKnownFileType = folder; name = juce_audio_processors; path = /Users/themackbook/Documents/JUCE/modules/juce_audio_processors; sourceTree = "<absolute>"; };
		65A5621A473BFDA97AA411B4 /* include_juce_audio_processors_ara.cpp */ /* include_juce_audio_processors_ara.cpp */ = {isa = PBXFileReference; lastKnownFileType = sourcecode.cpp.cpp; name = include_juce_audio_processors_ara.cpp; path = ../../JuceLibraryCode/include_juce_audio_processors_ara.cpp; sourceTree = SOURCE_ROOT; };
		65C2435CBD02C14F4D230228 /* SinOscillator.h */ /* SinOscillator.h */ = {isa = PBXFileReference; lastKnownFileType = sourcecode.c.h; name = SinOscillator.h; path = ../../Source/SinOscillator.h; sourceTree = SOURCE_ROOT; };
		66B2F285F9DDC5DBB893B2D7 /* include_juce_audio_plugin_client_Standalone.cpp */ /* include_juce_audio_plugin_client_Standalone.cpp */ = {isa = PBXFileReference; lastKnownFileType = sourcecode.cpp.cpp; name = include_juce_audio_plugin_client_Standalone.cpp; path = ../../JuceLibraryCode/include_juce_audio_plugin_client_Standalone.cpp; sourceTree = SOURCE_ROOT; };
		671E905D611B419BF8336532 /* Synth.cpp */ /* Synth.cpp */ = {isa = PBXFileReference; lastKnownFileType = sourcecode.cpp.cpp; name = Synth.cpp; path = ../../Source/Synth.cpp; sourceTree = SOURCE_ROOT; };
		69A2441BA72886C8CCCF5F0B /* Info-Standalone_Plugin.plist */ /* Info-Standalone_Plugin.plist */ = {isa = PBXFileReference; lastKnownFileType = text.plist.xml; name = "Info-Standalone_Plugin.plist"; path = "Info-Standalone_Plugin.plist"; sourceTree = SOURCE_ROOT; };
		711C053005C817D4E6C6998B /* juce_data_structures */ /* juce_data_structures */ = {isa = PBXFileReference; lastKnownFileType = folder; name = juce_data_structures; path = /Users/themackbook/Documents/JUCE/modules/juce_data_structures; sourceTree = "<absolute>"; };
		7450BA119E447D318DEE57A1 /* juce_audio_plugin_client */ /* juce_audio_plugin_client */ = {isa = PBXFileReference; lastKnownFileType = folder; name = juce_audio_plugin_client; path = /Users/themackbook/Documents/JUCE/modules/juce_audio_plugin_client; sourceTree = "<absolute>"; };
		77E52B1A2FE15B486F0BA595 /* WebKit.framework */ /* WebKit.framework */ = {isa = PBXFileReference; lastKnownFileType = wrapper.framework; name = WebKit.framework; path = System/Library/Frameworks/WebKit.framework; sourceTree = SDKROOT; };
		7BCD1501E9DFFB06ED469CBE /* include_juce_gui_extra.mm */ /* include_juce_gui_extra.mm */ = {isa = PBXFileReference; lastKnownFileType = sourcecode.cpp.objcpp; name = include_juce_gui_extra.mm; path = ../../JuceLibraryCode/include_juce_gui_extra.mm; sourceTree = SOURCE_ROOT; };
		7F4D8CC3DA2DCFD634EB58DB /* include_juce_audio_basics.mm */ /* include_juce_audio_basics.mm */ = {isa = PBXFileReference; lastKnownFileType = sourcecode.cpp.objcpp; name = include_juce_audio_basics.mm; path = ../../JuceLibraryCode/include_juce_audio_basics.mm; sourceTree = SOURCE_ROOT; };
		7F72112A3C88935F32E7380A /* RecentFilesMenuTemplate.nib */ /* RecentFilesMenuTemplate.nib */ = {isa = PBXFileReference; lastKnownFileType = file.nib; name = RecentFilesMenuTemplate.nib; path = RecentFilesMenuTemplate.nib; sourceTree = SOURCE_ROOT; };
		862A2BBBE3AC5B398A8B3D65 /* juce_audio_devices */ /* juce_audio_devices */ = {isa = PBXFileReference; lastKnownFileType = folder; name = juce_audio_devices; path = /Users/themackbook/Documents/JUCE/modules/juce_audio_devices; sourceTree = "<absolute>"; };
		87B01B9EB7E75F6700712257 /* include_juce_data_structures.mm */ /* include_juce_data_structures.mm */ = {isa = PBXFileReference; lastKnownFileType = sourcecode.cpp.objcpp; name = include_juce_data_structures.mm; path = ../../JuceLibraryCode/include_juce_data_structures.mm; sourceTree = SOURCE_ROOT; };
		881333A06767EFCE0349D883 /* Synth.h */ /* Synth.h */ = {isa = PBXFileReference; lastKnownFileType = sourcecode.c.h; name = Synth.h; path = ../../Source/Synth.h; sourceTree = SOURCE_ROOT; };
		8872A363F70317A66A939372 /* VST3 Manifest Helper */ = {isa = PBXFileReference; explicitFileType = "compiled.mach-o.executable"; includeInIndex = 0; path = juce_vst3_helper; sourceTree = BUILT_PRODUCTS_DIR; };
		91AE341B536D771A7B394240 /* include_juce_audio_plugin_client_ARA.cpp */ /* include_juce_audio_plugin_client_ARA.cpp */ = {isa = PBXFileReference; lastKnownFileType = sourcecode.cpp.cpp; name = include_juce_audio_plugin_client_ARA.cpp; path = ../../JuceLibraryCode/include_juce_audio_plugin_client_ARA.cpp; sourceTree = SOURCE_ROOT; };
		91D81688AB8E7B3CC1EFE447 /* juce_gui_basics */ /* juce_gui_basics */ = {isa = PBXFileReference; lastKnownFileType = folder; name = juce_gui_basics; path = /Users/themackbook/Documents/JUCE/modules/juce_gui_basics; sourceTree = "<absolute>"; };
		9284AFD1461D7DBE3439A142 /* include_juce_core.mm */ /* include_juce_core.mm */ = {isa = PBXFileReference; lastKnownFileType = sourcecode.cpp.objcpp; name = include_juce_core.mm; path = ../../JuceLibraryCode/include_juce_core.mm; sourceTree = SOURCE_ROOT; };
		957415A7A4AE64C134FC4201 /* MetalKit.framework */ /* MetalKit.framework */ = {isa = PBXFileReference; lastKnownFileType = wrapper.framework; name = MetalKit.framework; path = System/Library/Frameworks/MetalKit.framework; sourceTree = SDKROOT; };
		96A1FFA99694DCB389F1C354 /* Info-VST3.plist */ /* Info-VST3.plist */ = {isa = PBXFileReference; lastKnownFileType = text.plist.xml; name = "Info-VST3.plist"; path = "Info-VST3.plist"; sourceTree = SOURCE_ROOT; };
		9787F327763F1CEFE5A3C366 /* Security.framework */ /* Security.framework */ = {isa = PBXFileReference; lastKnownFileType = wrapper.framework; name = Security.framework; path = System/Library/Frameworks/Security.framework; sourceTree = SDKROOT; };
		9E6519FBB8093F72DFB71F58 /* juce_gui_extra */ /* juce_gui_extra */ = {isa = PBXFileReference; lastKnownFileType = folder; name = juce_gui_extra; path = /Users/themackbook/Documents/JUCE/modules/juce_gui_extra; sourceTree = "<absolute>"; };
		9EBA1BE89FA5A47BF78DE9D1 /* Shared Code */ = {isa = PBXFileReference; explicitFileType = archive.ar; includeInIndex = 0; path = libMyJX11.a; sourceTree = BUILT_PRODUCTS_DIR; };
		A0B8024373E0E17AE5E4D592 /* Voice.h */ /* Voice.h */ = {isa = PBXFileReference; lastKnownFileType = sourcecode.c.h; name = Voice.h; path = ../../Source/Voice.h; sourceTree = SOURCE_ROOT; };
		A32BA3B022F1D032FC67E241 /* include_juce_events.mm */ /* include_juce_events.mm */ = {isa = PBXFileReference; lastKnownFileType = sourcecode.cpp.objcpp; name = include_juce_events.mm; path = ../../JuceLibraryCode/include_juce_events.mm; sourceTree = SOURCE_ROOT; };
		A49097A3A3ABC957FBA89734 /* juce_audio_basics */ /* juce_audio_basics */ = {isa = PBXFileReference; lastKnownFileType = folder; name = juce_audio_basics; path = /Users/themackbook/Documents/JUCE/modules/juce_audio_basics; sourceTree = "<absolute>"; };
		AD118FC9CB86A1BA1E0528E5 /* NoiseGenerator.h */ /* NoiseGenerator.h */ = {isa = PBXFileReference; lastKnownFileType = sourcecode.c.h; name = NoiseGenerator.h; path = ../../Source/NoiseGenerator.h; sourceTree = SOURCE_ROOT; };
		AE659B5A0CCAB190F2EDDE0A /* Standalone Plugin */ = {isa = PBXFileReference; explicitFileType = wrapper.application; includeInIndex = 0; path = MyJX11.app; sourceTree = BUILT_PRODUCTS_DIR; };
		AFB920F40770C29DE26BC35D /* include_juce_audio_devices.mm */ /* include_juce_audio_devices.mm */ = {isa = PBXFileReference; lastKnownFileType = sourcecode.cpp.objcpp; name = include_juce_audio_devices.mm; path = ../../JuceLibraryCode/include_juce_audio_devices.mm; sourceTree = SOURCE_ROOT; };
		BA0148077A2C6A420F81A653 /* Metal.framework */ /* Metal.framework */ = {isa = PBXFileReference; lastKnownFileType = wrapper.framework; name = Metal.framework; path = System/Library/Frameworks/Metal.framework; sourceTree = SDKROOT; };
		BA50F828C6061D6979010D90 /* juce_events */ /* juce_events */ = {isa = PBXFileReference; lastKnownFileType = folder; name = juce_events; path = /Users/themackbook/Documents/JUCE/modules/juce_events; sourceTree = "<absolute>"; };
		C121F765A4F6B15DC7AE1749 /* PluginProcessor.h */ /* PluginProcessor.h */ = {isa = PBXFileReference; lastKnownFileType = sourcecode.c.h; name = PluginProcessor.h; path = ../../Source/PluginProcessor.h; sourceTree = SOURCE_ROOT; };
		C694E67FDE9944854B994A74 /* include_juce_audio_processors_lv2_libs.cpp */ /* include_juce_audio_processors_lv2_libs.cpp */ = {isa = PBXFileReference; lastKnownFileType = sourcecode.cpp.cpp; name = include_juce_audio_processors_lv2_libs.cpp; path = ../../JuceLibraryCode/include_juce_audio_processors_lv2_libs.cpp; sourceTree = SOURCE_ROOT; };
		CE0C86BE657AF5645740CB0A /* include_juce_audio_processors.mm */ /* include_juce_audio_processors.mm */ = {isa = PBXFileReference; lastKnownFileType = sourcecode.cpp.objcpp; name = include_juce_audio_processors.mm; path = ../../JuceLibraryCode/include_juce_audio_processors.mm; sourceTree = SOURCE_ROOT; };
		CEA136991FD795168840B83E /* juce_audio_utils */ /* juce_audio_utils */ = {isa = PBXFileReference; lastKnownFileType = folder; name = juce_audio_utils; path = /Users/themackbook/Documents/JUCE/modules/juce_audio_utils; sourceTree = "<absolute>"; };
		D35FB1D774DC289E65C9C640 /* include_juce_gui_basics.mm */ /* include_juce_gui_basics.mm */ = {isa = PBXFileReference; lastKnownFileType = sourcecode.cpp.objcpp; name = include_juce_gui_basics.mm; path = ../../JuceLibraryCode/include_juce_gui_basics.mm; sourceTree = SOURCE_ROOT; };
		D61004AFD37CBE61ECA1ACD1 /* VST3 */ = {isa = PBXFileReference; explicitFileType = wrapper.cfbundle; includeInIndex = 0; path = MyJX11.vst3; sourceTree = BUILT_PRODUCTS_DIR; };
		DAD50DC6DAAF34C72828D9EE /* Utils.h */ /* Utils.h */ = {isa = PBXFileReference; lastKnownFileType = sourcecode.c.h; name = Utils.h; path = ../../Source/Utils.h; sourceTree = SOURCE_ROOT; };
		DCEDB65195E80016DBE71CEE /* include_juce_audio_utils.mm */ /* include_juce_audio_utils.mm */ = {isa = PBXFileReference; lastKnownFileType = sourcecode.cpp.objcpp; name = include_juce_audio_utils.mm; path = ../../JuceLibraryCode/include_juce_audio_utils.mm; sourceTree = SOURCE_ROOT; };
		DDFEB8FDB2EEB8C5033A3BFE /* Oscillator.h */ /* Oscillator.h */ = {isa = PBXFileReference; lastKnownFileType = sourcecode.c.h; name = Oscillator.h; path = ../../Source/Oscillator.h; sourceTree = SOURCE_ROOT; };
		E50C23BA936ED51D1ADA55D7 /* include_juce_audio_plugin_client_VST3.mm */ /* include_juce_audio_plugin_client_VST3.mm */ = {isa = PBXFileReference; lastKnownFileType = sourcecode.cpp.objcpp; name = include_juce_audio_plugin_client_VST3.mm; path = ../../JuceLibraryCode/include_juce_audio_plugin_client_VST3.mm; sourceTree = SOURCE_ROOT; };
		EE86E42D81A1DBBBECD5278A /* PluginProcessor.cpp */ /* PluginProcessor.cpp */ = {isa = PBXFileReference; lastKnownFileType = sourcecode.cpp.cpp; name = PluginProcessor.cpp; path = ../../Source/PluginProcessor.cpp; sourceTree = SOURCE_ROOT; };
/* End PBXFileReference section */

/* Begin PBXFrameworksBuildPhase section */
		0DC02D88453D6152C94FC6D3 = {
			isa = PBXFrameworksBuildPhase;
			buildActionMask = 2147483647;
			files = (
				F54FF32A0C8BD19C3565F45B,
				D191DD7539817278FAFFE0EB,
				4E197E0340EFC0EADC3FBB1A,
				84EEC132106101E6A4139BDC,
				5EA0E2672CEA48A51C418A83,
				FCB4DEDF64C04156B318C6B8,
				CA91DA837DF94D484552B91F,
				2B8DA7BC9D445B8D4BBA767F,
				C583519A0630EDB6DF87DC63,
				C0E92FF3EAA51ADBEABC9BDC,
				346126E0EC46438C34B42933,
				83F8C7C364CB048DAE91B00F,
				5B95410A1040AC1B0D989A40,
				B1F200189B7F5B14D006CCB7,
			);
			runOnlyForDeploymentPostprocessing = 0;
		};
		F1DF952117E440F3BCBD9D0A = {
			isa = PBXFrameworksBuildPhase;
			buildActionMask = 2147483647;
			files = (
				F54FF32A0C8BD19C3565F45B,
				D191DD7539817278FAFFE0EB,
				4E197E0340EFC0EADC3FBB1A,
				84EEC132106101E6A4139BDC,
				5EA0E2672CEA48A51C418A83,
				FCB4DEDF64C04156B318C6B8,
				CA91DA837DF94D484552B91F,
				2B8DA7BC9D445B8D4BBA767F,
				C583519A0630EDB6DF87DC63,
				C0E92FF3EAA51ADBEABC9BDC,
				346126E0EC46438C34B42933,
				83F8C7C364CB048DAE91B00F,
				5B95410A1040AC1B0D989A40,
				B1F200189B7F5B14D006CCB7,
			);
			runOnlyForDeploymentPostprocessing = 0;
		};
		F2AF6BF3EF69B398AD3C345E = {
			isa = PBXFrameworksBuildPhase;
			buildActionMask = 2147483647;
			files = (
				F54FF32A0C8BD19C3565F45B,
				D191DD7539817278FAFFE0EB,
				4E197E0340EFC0EADC3FBB1A,
				84EEC132106101E6A4139BDC,
				5EA0E2672CEA48A51C418A83,
				FCB4DEDF64C04156B318C6B8,
				CA91DA837DF94D484552B91F,
				2B8DA7BC9D445B8D4BBA767F,
				C583519A0630EDB6DF87DC63,
				C0E92FF3EAA51ADBEABC9BDC,
				346126E0EC46438C34B42933,
				83F8C7C364CB048DAE91B00F,
				5B95410A1040AC1B0D989A40,
				B1F200189B7F5B14D006CCB7,
			);
			runOnlyForDeploymentPostprocessing = 0;
		};
/* End PBXFrameworksBuildPhase section */

/* Begin PBXGroup section */
		179781D9A4511737680D1972 /* Products */ = {
			isa = PBXGroup;
			children = (
				D61004AFD37CBE61ECA1ACD1,
				AE659B5A0CCAB190F2EDDE0A,
				9EBA1BE89FA5A47BF78DE9D1,
				8872A363F70317A66A939372,
			);
			name = Products;
			sourceTree = "<group>";
		};
		23DCE630CB5A8CC8947C4BB0 /* JUCE Modules */ = {
			isa = PBXGroup;
			children = (
				A49097A3A3ABC957FBA89734,
				862A2BBBE3AC5B398A8B3D65,
				37EF511A0E2F1C2B2E44DD58,
				7450BA119E447D318DEE57A1,
				6507FEF83606DB8E09A76C40,
				CEA136991FD795168840B83E,
				22D80C1239E4BA24C7595E53,
				711C053005C817D4E6C6998B,
				BA50F828C6061D6979010D90,
				11255A24011CF35FC8D95F17,
				91D81688AB8E7B3CC1EFE447,
				9E6519FBB8093F72DFB71F58,
			);
			name = "JUCE Modules";
			sourceTree = "<group>";
		};
		416EDFB1014E9192D93E9920 /* Source */ = {
			isa = PBXGroup;
			children = (
				65C2435CBD02C14F4D230228,
				DDFEB8FDB2EEB8C5033A3BFE,
				DAD50DC6DAAF34C72828D9EE,
				AD118FC9CB86A1BA1E0528E5,
				A0B8024373E0E17AE5E4D592,
				671E905D611B419BF8336532,
				881333A06767EFCE0349D883,
				EE86E42D81A1DBBBECD5278A,
				C121F765A4F6B15DC7AE1749,
				0D121F269CFB5D523BC0B939,
				0830B69317B46F89AD51B9B1,
			);
			name = Source;
			sourceTree = "<group>";
		};
		6B41FC47A44D17B20DB36B4E /* MyJX11 */ = {
			isa = PBXGroup;
			children = (
				416EDFB1014E9192D93E9920,
			);
			name = MyJX11;
			sourceTree = "<group>";
		};
		75E47B4FE7AE7540993976FE /* Frameworks */ = {
			isa = PBXGroup;
			children = (
				35C98E3643FDF2F755AD0039,
				0FD88ED960D769E891E0C0A9,
				3E40F38382962E48925CC85E,
				482F1F084BF04A3F2C1E03A9,
				1C8C0E0A10B2A9EC1B8E5A82,
				4A6A8DD69E58BD5E18D5394A,
				4AC1F1C476A365CFF320A0B1,
				25A7B9D6EE17A820C445FDAD,
				1E7006A2CE51F9ED1DA60692,
				4DBBC2693C9DA6C13277696B,
				9787F327763F1CEFE5A3C366,
				77E52B1A2FE15B486F0BA595,
				BA0148077A2C6A420F81A653,
				957415A7A4AE64C134FC4201,
			);
			name = Frameworks;
			sourceTree = "<group>";
		};
		976E06DEDE7C6192BBA0354E /* JUCE Library Code */ = {
			isa = PBXGroup;
			children = (
				7F4D8CC3DA2DCFD634EB58DB,
				AFB920F40770C29DE26BC35D,
				5FEBA57EA077150450AD9B4A,
				91AE341B536D771A7B394240,
				66B2F285F9DDC5DBB893B2D7,
				E50C23BA936ED51D1ADA55D7,
				CE0C86BE657AF5645740CB0A,
				65A5621A473BFDA97AA411B4,
				C694E67FDE9944854B994A74,
				DCEDB65195E80016DBE71CEE,
				9284AFD1461D7DBE3439A142,
				87B01B9EB7E75F6700712257,
				A32BA3B022F1D032FC67E241,
				08FA8DCFC650F4B8A6BB70C6,
				D35FB1D774DC289E65C9C640,
				7BCD1501E9DFFB06ED469CBE,
				47538B4E796E659B3DCF4BEC,
				4BE8756A1079F72456959FC2,
			);
			name = "JUCE Library Code";
			sourceTree = "<group>";
		};
		BEAE3421C300E0539DC7149D /* Source */ = {
			isa = PBXGroup;
			children = (
				6B41FC47A44D17B20DB36B4E,
				23DCE630CB5A8CC8947C4BB0,
				976E06DEDE7C6192BBA0354E,
				FAA4FBD8739370B3FED7A46B,
				75E47B4FE7AE7540993976FE,
				179781D9A4511737680D1972,
			);
			name = Source;
			sourceTree = "<group>";
		};
		FAA4FBD8739370B3FED7A46B /* Resources */ = {
			isa = PBXGroup;
			children = (
				96A1FFA99694DCB389F1C354,
				69A2441BA72886C8CCCF5F0B,
				2CFB943FB1881C31870CFB99,
				7F72112A3C88935F32E7380A,
			);
			name = Resources;
			sourceTree = "<group>";
		};
/* End PBXGroup section */

/* Begin PBXNativeTarget section */
		6284897BD6122A5547294540 /* MyJX11 - VST3 Manifest Helper */ = {
			isa = PBXNativeTarget;
			buildConfigurationList = 75E8E9DFAD33D15C1BB4AD77;
			buildPhases = (
				F60587465493B0ADBC2C694F,
				F1DF952117E440F3BCBD9D0A,
			);
			buildRules = (
			);
			dependencies = (
			);
			name = "MyJX11 - VST3 Manifest Helper";
			productName = MyJX11;
			productReference = 8872A363F70317A66A939372;
			productType = "com.apple.product-type.tool";
		};
		8D430D23E62B307F7D01ECBF /* MyJX11 - Shared Code */ = {
			isa = PBXNativeTarget;
			buildConfigurationList = 601DC8DC6371870D8A645DF4;
			buildPhases = (
				1E877957504435E6EF165E92,
			);
			buildRules = (
			);
			dependencies = (
			);
			name = "MyJX11 - Shared Code";
			productName = MyJX11;
			productReference = 9EBA1BE89FA5A47BF78DE9D1;
			productType = "com.apple.product-type.library.static";
		};
		9E61C1C4C3FF53571D187937 /* MyJX11 - VST3 */ = {
			isa = PBXNativeTarget;
			buildConfigurationList = BBDA29AED5A41962D1D0D685;
			buildPhases = (
				44F463B04089B8004645FABE,
				D9C4224E27A59922D21069E1,
				0DC02D88453D6152C94FC6D3,
				811D9018C106E133D66823D6,
				C04433C6BD65A8D106116096,
			);
			buildRules = (
			);
			dependencies = (
				43BF5C76AFAE83EFB59279C7,
				43AE17207E17F3908209DA9E,
			);
			name = "MyJX11 - VST3";
			productName = MyJX11;
			productReference = D61004AFD37CBE61ECA1ACD1;
			productType = "com.apple.product-type.bundle";
		};
		D70132F9EF614B3A54734177 /* MyJX11 - Standalone Plugin */ = {
			isa = PBXNativeTarget;
			buildConfigurationList = F180987208EF74AE7A6CB666;
			buildPhases = (
				6D4221588E1B41880370D5CF,
				6464AC2269283552D92D3BF1,
				F2AF6BF3EF69B398AD3C345E,
			);
			buildRules = (
			);
			dependencies = (
				3664FDC13F59E2351F2E7E4C,
			);
			name = "MyJX11 - Standalone Plugin";
			productName = MyJX11;
			productReference = AE659B5A0CCAB190F2EDDE0A;
			productType = "com.apple.product-type.application";
		};
/* End PBXNativeTarget section */

/* Begin PBXProject section */
		A1772E7346CEC79D6E456D46 = {
			isa = PBXProject;
			attributes = {
				BuildIndependentTargetsInParallel = YES;
				LastUpgradeCheck = 1340;
				ORGANIZATIONNAME = "";
				TargetAttributes = {
					5312ECC1CCE2170D13B23A20 = {
						SystemCapabilities = {
							com.apple.ApplicationGroups.iOS = {
								enabled = 0;
							};
							com.apple.HardenedRuntime = {
								enabled = 0;
							};
							com.apple.InAppPurchase = {
								enabled = 0;
							};
							com.apple.InterAppAudio = {
								enabled = 0;
							};
							com.apple.Push = {
								enabled = 0;
							};
							com.apple.Sandbox = {
								enabled = 0;
							};
						};
					};
					6284897BD6122A5547294540 = {
						SystemCapabilities = {
							com.apple.ApplicationGroups.iOS = {
								enabled = 0;
							};
							com.apple.HardenedRuntime = {
								enabled = 0;
							};
							com.apple.InAppPurchase = {
								enabled = 0;
							};
							com.apple.InterAppAudio = {
								enabled = 0;
							};
							com.apple.Push = {
								enabled = 0;
							};
							com.apple.Sandbox = {
								enabled = 0;
							};
						};
					};
					8D430D23E62B307F7D01ECBF = {
						SystemCapabilities = {
							com.apple.ApplicationGroups.iOS = {
								enabled = 0;
							};
							com.apple.HardenedRuntime = {
								enabled = 0;
							};
							com.apple.InAppPurchase = {
								enabled = 0;
							};
							com.apple.InterAppAudio = {
								enabled = 0;
							};
							com.apple.Push = {
								enabled = 0;
							};
							com.apple.Sandbox = {
								enabled = 0;
							};
						};
					};
					9E61C1C4C3FF53571D187937 = {
						SystemCapabilities = {
							com.apple.ApplicationGroups.iOS = {
								enabled = 0;
							};
							com.apple.HardenedRuntime = {
								enabled = 0;
							};
							com.apple.InAppPurchase = {
								enabled = 0;
							};
							com.apple.InterAppAudio = {
								enabled = 0;
							};
							com.apple.Push = {
								enabled = 0;
							};
							com.apple.Sandbox = {
								enabled = 0;
							};
						};
					};
					D70132F9EF614B3A54734177 = {
						SystemCapabilities = {
							com.apple.ApplicationGroups.iOS = {
								enabled = 0;
							};
							com.apple.HardenedRuntime = {
								enabled = 0;
							};
							com.apple.InAppPurchase = {
								enabled = 0;
							};
							com.apple.InterAppAudio = {
								enabled = 0;
							};
							com.apple.Push = {
								enabled = 0;
							};
							com.apple.Sandbox = {
								enabled = 0;
							};
						};
					};
				};
			};
			buildConfigurationList = 1F1CBB1117D46C7013C2204A;
			compatibilityVersion = "Xcode 3.2";
			hasScannedForEncodings = 0;
			knownRegions = (
				en,
				Base,
			);
			mainGroup = BEAE3421C300E0539DC7149D;
			projectDirPath = "";
			projectRoot = "";
			targets = (
				5312ECC1CCE2170D13B23A20,
				9E61C1C4C3FF53571D187937,
				D70132F9EF614B3A54734177,
				8D430D23E62B307F7D01ECBF,
				6284897BD6122A5547294540,
			);
		};
/* End PBXProject section */

/* Begin PBXResourcesBuildPhase section */
		44F463B04089B8004645FABE = {
			isa = PBXResourcesBuildPhase;
			buildActionMask = 2147483647;
			files = (
				A7A4594D58B8734D764D160E,
			);
			runOnlyForDeploymentPostprocessing = 0;
		};
		6D4221588E1B41880370D5CF = {
			isa = PBXResourcesBuildPhase;
			buildActionMask = 2147483647;
			files = (
				A7A4594D58B8734D764D160E,
			);
			runOnlyForDeploymentPostprocessing = 0;
		};
/* End PBXResourcesBuildPhase section */

/* Begin PBXShellScriptBuildPhase section */
		811D9018C106E133D66823D6 /* Update manifest */ = {
			isa = PBXShellScriptBuildPhase;
			buildActionMask = 2147483647;
			files = (
			);
			runOnlyForDeploymentPostprocessing = 0;
			name = "Update manifest";
			alwaysOutOfDate = 1;
			shellPath = /bin/sh;
			shellScript = "set -e\nrm -f \"$CONFIGURATION_BUILD_DIR/$FULL_PRODUCT_NAME/Contents/moduleinfo.json\"\n\nxcrun codesign --verify \"$CONFIGURATION_BUILD_DIR/$FULL_PRODUCT_NAME\" || xcrun codesign -f -s - \"$CONFIGURATION_BUILD_DIR/$FULL_PRODUCT_NAME\"\n\"$CONFIGURATION_BUILD_DIR/juce_vst3_helper\" -create -version \"1.0.0\" -path \"$CONFIGURATION_BUILD_DIR/$FULL_PRODUCT_NAME\" -output \"$CONFIGURATION_BUILD_DIR/$FULL_PRODUCT_NAME/Contents/Resources/moduleinfo.json\"\n";
		};
		C04433C6BD65A8D106116096 /* Plugin Copy Step */ = {
			isa = PBXShellScriptBuildPhase;
			buildActionMask = 2147483647;
			files = (
			);
			runOnlyForDeploymentPostprocessing = 0;
			name = "Plugin Copy Step";
			alwaysOutOfDate = 1;
			shellPath = /bin/sh;
			shellScript = "set -e\n\nif test \"$CONFIGURATION\" = \"Debug\"; then :\n\nxcrun codesign --verify \"${TARGET_BUILD_DIR}/${FULL_PRODUCT_NAME}\" || xcrun codesign -f -s - \"${TARGET_BUILD_DIR}/${FULL_PRODUCT_NAME}\"\n\nif [ -e \"$HOME/Library/Audio/Plug-Ins/VST3/${FULL_PRODUCT_NAME}\" ]; then :\n  echo \"Destination '$HOME/Library/Audio/Plug-Ins/VST3/${FULL_PRODUCT_NAME}' exists, overwriting\"\n  rm -rf \"$HOME/Library/Audio/Plug-Ins/VST3/${FULL_PRODUCT_NAME}\"\nfi\nmkdir -p \"$HOME/Library/Audio/Plug-Ins/VST3/\"\ncp -r \"${TARGET_BUILD_DIR}/${FULL_PRODUCT_NAME}\" \"$HOME/Library/Audio/Plug-Ins/VST3/\"\n\nfi\n\n\nif test \"$CONFIGURATION\" = \"Release\"; then :\n\nxcrun codesign --verify \"${TARGET_BUILD_DIR}/${FULL_PRODUCT_NAME}\" || xcrun codesign -f -s - \"${TARGET_BUILD_DIR}/${FULL_PRODUCT_NAME}\"\n\nif [ -e \"$HOME/Library/Audio/Plug-Ins/VST3/${FULL_PRODUCT_NAME}\" ]; then :\n  echo \"Destination '$HOME/Library/Audio/Plug-Ins/VST3/${FULL_PRODUCT_NAME}' exists, overwriting\"\n  rm -rf \"$HOME/Library/Audio/Plug-Ins/VST3/${FULL_PRODUCT_NAME}\"\nfi\nmkdir -p \"$HOME/Library/Audio/Plug-Ins/VST3/\"\ncp -r \"${TARGET_BUILD_DIR}/${FULL_PRODUCT_NAME}\" \"$HOME/Library/Audio/Plug-Ins/VST3/\"\n\nfi\n";
		};
/* End PBXShellScriptBuildPhase section */

/* Begin PBXSourcesBuildPhase section */
		1E877957504435E6EF165E92 = {
			isa = PBXSourcesBuildPhase;
			buildActionMask = 2147483647;
			files = (
				F05C87286F0EFCFB28A24E55,
				EF1E8AE68F7DDE22D6CB1529,
				55DBB32B5C201DF34CF270D1,
				83AB7DB08A276962E14E0309,
				B6B7F5981A8038A226642085,
				14D1D0203A3A4FF48182519E,
				87ECD3F79D04E9295A10C08C,
				1040BBCF073E53F26D7C01B8,
				8415016CCECB06C0C14B94E0,
				069C4C13DCBF8DF5DB589448,
				B6ECDEBF9AB465FDC7919323,
				CD5E99AF2CA5B74A33EFEEB8,
				0A3545C48977B8BFD0E6C02B,
				0FA7D517E9614579379B6AF4,
				A8FC4C97A89000C361DB26E1,
				F0A069EA0CB25D3B1B69ADBD,
				82B66FBEFC696E1C9EE7BCE9,
			);
			runOnlyForDeploymentPostprocessing = 0;
		};
		6464AC2269283552D92D3BF1 = {
			isa = PBXSourcesBuildPhase;
			buildActionMask = 2147483647;
			files = (
				114D330C9B813DCE0822C098,
			);
			runOnlyForDeploymentPostprocessing = 0;
		};
		D9C4224E27A59922D21069E1 = {
			isa = PBXSourcesBuildPhase;
			buildActionMask = 2147483647;
			files = (
				451585D75D058C5E104911A4,
			);
			runOnlyForDeploymentPostprocessing = 0;
		};
		F60587465493B0ADBC2C694F = {
			isa = PBXSourcesBuildPhase;
			buildActionMask = 2147483647;
			files = (
				6E1460BCFC199E4830D88352,
			);
			runOnlyForDeploymentPostprocessing = 0;
		};
/* End PBXSourcesBuildPhase section */

/* Begin PBXTargetDependency section */
		0B634B7543DC7B16E2DEC20D = {
			isa = PBXTargetDependency;
			target = D70132F9EF614B3A54734177;
		};
		1A96DA46B1AFFA418AB405AB = {
			isa = PBXTargetDependency;
			target = 9E61C1C4C3FF53571D187937;
		};
		27CE975407B7DE7B658B4BB1 = {
			isa = PBXTargetDependency;
			target = 6284897BD6122A5547294540;
		};
		3664FDC13F59E2351F2E7E4C = {
			isa = PBXTargetDependency;
			target = 8D430D23E62B307F7D01ECBF;
		};
		43AE17207E17F3908209DA9E = {
			isa = PBXTargetDependency;
			target = 6284897BD6122A5547294540;
		};
		43BF5C76AFAE83EFB59279C7 = {
			isa = PBXTargetDependency;
			target = 8D430D23E62B307F7D01ECBF;
		};
		7D9DC2468F7D88EDEBC93B06 = {
			isa = PBXTargetDependency;
			target = 8D430D23E62B307F7D01ECBF;
		};
/* End PBXTargetDependency section */

/* Begin XCBuildConfiguration section */
		0FD77DC79DEB04B0197B4DB9 /* Debug */ = {
			isa = XCBuildConfiguration;
			buildSettings = {
				ALWAYS_SEARCH_USER_PATHS = NO;
				CLANG_ENABLE_OBJC_WEAK = YES;
				CLANG_WARN_BLOCK_CAPTURE_AUTORELEASING = YES;
				CLANG_WARN_BOOL_CONVERSION = YES;
				CLANG_WARN_COMMA = YES;
				CLANG_WARN_CONSTANT_CONVERSION = YES;
				CLANG_WARN_DEPRECATED_OBJC_IMPLEMENTATIONS = YES;
				CLANG_WARN_EMPTY_BODY = YES;
				CLANG_WARN_ENUM_CONVERSION = YES;
				CLANG_WARN_INFINITE_RECURSION = YES;
				CLANG_WARN_INT_CONVERSION = YES;
				CLANG_WARN_NON_LITERAL_NULL_CONVERSION = YES;
				CLANG_WARN_OBJC_IMPLICIT_RETAIN_SELF = YES;
				CLANG_WARN_OBJC_LITERAL_CONVERSION = YES;
				CLANG_WARN_RANGE_LOOP_ANALYSIS = YES;
				CLANG_WARN_STRICT_PROTOTYPES = YES;
				CLANG_WARN_SUSPICIOUS_MOVE = YES;
				CLANG_WARN_UNREACHABLE_CODE = YES;
				CLANG_WARN__DUPLICATE_METHOD_MATCH = YES;
				DEBUG_INFORMATION_FORMAT = dwarf;
				ENABLE_STRICT_OBJC_MSGSEND = YES;
				ENABLE_TESTABILITY = NO;
				GCC_C_LANGUAGE_STANDARD = c11;
				GCC_INLINES_ARE_PRIVATE_EXTERN = YES;
				GCC_MODEL_TUNING = G5;
				GCC_NO_COMMON_BLOCKS = YES;
				GCC_SYMBOLS_PRIVATE_EXTERN = YES;
				GCC_WARN_64_TO_32_BIT_CONVERSION = YES;
				GCC_WARN_ABOUT_RETURN_TYPE = YES;
				GCC_WARN_CHECK_SWITCH_STATEMENTS = YES;
				GCC_WARN_MISSING_PARENTHESES = YES;
				GCC_WARN_NON_VIRTUAL_DESTRUCTOR = YES;
				GCC_WARN_TYPECHECK_CALLS_TO_PRINTF = YES;
				GCC_WARN_UNDECLARED_SELECTOR = YES;
				GCC_WARN_UNINITIALIZED_AUTOS = YES;
				GCC_WARN_UNUSED_FUNCTION = YES;
				GCC_WARN_UNUSED_VARIABLE = YES;
				ONLY_ACTIVE_ARCH = YES;
				PRODUCT_NAME = "MyJX11";
				SDKROOT = macosx;
				WARNING_CFLAGS = "-Wreorder";
				ZERO_LINK = NO;
			};
			name = Debug;
		};
		21E55712AA3C3319F8AB443B /* Debug */ = {
			isa = XCBuildConfiguration;
			buildSettings = {
				CLANG_CXX_LANGUAGE_STANDARD = "c++17";
				CLANG_CXX_LIBRARY = "libc++";
				CLANG_LINK_OBJC_RUNTIME = NO;
				COMBINE_HIDPI_IMAGES = YES;
				CONFIGURATION_BUILD_DIR = "$(PROJECT_DIR)/build/$(CONFIGURATION)";
				COPY_PHASE_STRIP = NO;
				EXCLUDED_ARCHS = "";
				GCC_DYNAMIC_NO_PIC = NO;
				GCC_OPTIMIZATION_LEVEL = 0;
				GCC_PREPROCESSOR_DEFINITIONS = (
					"_DEBUG=1",
					"DEBUG=1",
					"JUCE_DISPLAY_SPLASH_SCREEN=1",
					"JUCE_USE_DARK_SPLASH_SCREEN=1",
					"JUCE_PROJUCER_VERSION=0x70009",
					"JUCE_MODULE_AVAILABLE_juce_audio_basics=1",
					"JUCE_MODULE_AVAILABLE_juce_audio_devices=1",
					"JUCE_MODULE_AVAILABLE_juce_audio_formats=1",
					"JUCE_MODULE_AVAILABLE_juce_audio_plugin_client=1",
					"JUCE_MODULE_AVAILABLE_juce_audio_processors=1",
					"JUCE_MODULE_AVAILABLE_juce_audio_utils=1",
					"JUCE_MODULE_AVAILABLE_juce_core=1",
					"JUCE_MODULE_AVAILABLE_juce_data_structures=1",
					"JUCE_MODULE_AVAILABLE_juce_events=1",
					"JUCE_MODULE_AVAILABLE_juce_graphics=1",
					"JUCE_MODULE_AVAILABLE_juce_gui_basics=1",
					"JUCE_MODULE_AVAILABLE_juce_gui_extra=1",
					"JUCE_GLOBAL_MODULE_SETTINGS_INCLUDED=1",
					"JUCE_VST3_CAN_REPLACE_VST2=0",
					"JUCE_STRICT_REFCOUNTEDPOINTER=1",
					"JucePlugin_Build_VST=0",
					"JucePlugin_Build_VST3=1",
					"JucePlugin_Build_AU=0",
					"JucePlugin_Build_AUv3=0",
					"JucePlugin_Build_AAX=0",
					"JucePlugin_Build_Standalone=0",
					"JucePlugin_Build_Unity=0",
					"JucePlugin_Build_LV2=0",
					"JucePlugin_Enable_IAA=0",
					"JucePlugin_Enable_ARA=0",
					"JucePlugin_Name=\\\"MyJX11\\\"",
					"JucePlugin_Desc=\\\"MyJX11\\\"",
					"JucePlugin_Manufacturer=\\\"Chopov1\\\"",
					"JucePlugin_ManufacturerWebsite=\\\"www.yourcompany.com\\\"",
					"JucePlugin_ManufacturerEmail=\\\"\\\"",
					"JucePlugin_ManufacturerCode=0x43686f70",
					"JucePlugin_PluginCode=0x4d794a58",
					"JucePlugin_IsSynth=1",
					"JucePlugin_WantsMidiInput=1",
					"JucePlugin_ProducesMidiOutput=0",
					"JucePlugin_IsMidiEffect=0",
					"JucePlugin_EditorRequiresKeyboardFocus=0",
					"JucePlugin_Version=1.0.0",
					"JucePlugin_VersionCode=0x10000",
					"JucePlugin_VersionString=\\\"1.0.0\\\"",
					"JucePlugin_VSTUniqueID=JucePlugin_PluginCode",
					"JucePlugin_VSTCategory=kPlugCategSynth",
					"JucePlugin_Vst3Category=\\\"Instrument|Synth\\\"",
					"JucePlugin_AUMainType=\\'aumu\\'",
					"JucePlugin_AUSubType=JucePlugin_PluginCode",
					"JucePlugin_AUExportPrefix=MyJX11AU",
					"JucePlugin_AUExportPrefixQuoted=\\\"MyJX11AU\\\"",
					"JucePlugin_AUManufacturerCode=JucePlugin_ManufacturerCode",
					"JucePlugin_CFBundleIdentifier=com.yourcompany.MyJX11",
					"JucePlugin_AAXIdentifier=com.yourcompany.MyJX11",
					"JucePlugin_AAXManufacturerCode=JucePlugin_ManufacturerCode",
					"JucePlugin_AAXProductId=JucePlugin_PluginCode",
					"JucePlugin_AAXCategory=2048",
					"JucePlugin_AAXDisableBypass=0",
					"JucePlugin_AAXDisableMultiMono=0",
					"JucePlugin_IAAType=0x61757269",
					"JucePlugin_IAASubType=JucePlugin_PluginCode",
					"JucePlugin_IAAName=\\\"Chopov1:\\ MyJX11\\\"",
					"JucePlugin_VSTNumMidiInputs=16",
					"JucePlugin_VSTNumMidiOutputs=16",
					"JucePlugin_ARAContentTypes=0",
					"JucePlugin_ARATransformationFlags=0",
					"JucePlugin_ARAFactoryID=\\\"com.yourcompany.MyJX11.factory\\\"",
					"JucePlugin_ARADocumentArchiveID=\\\"com.yourcompany.MyJX11.aradocumentarchive.1.0.0\\\"",
					"JucePlugin_ARACompatibleArchiveIDs=\\\"\\\"",
					"JUCE_STANDALONE_APPLICATION=JucePlugin_Build_Standalone",
					"JUCER_XCODE_MAC_F6D2F4CF=1",
					"JUCE_APP_VERSION=1.0.0",
					"JUCE_APP_VERSION_HEX=0x10000",
				);
				GCC_VERSION = com.apple.compilers.llvm.clang.1_0;
				GENERATE_PKGINFO_FILE = YES;
				HEADER_SEARCH_PATHS = (
					"/Users/themackbook/Documents/JUCE/modules/juce_audio_processors/format_types/VST3_SDK",
					"$(SRCROOT)/../../JuceLibraryCode",
					"/Users/themackbook/Documents/JUCE/modules",
					"/Users/themackbook/Documents/JUCE/modules/juce_audio_plugin_client/AU",
					"$(inherited)",
				);
				INFOPLIST_FILE = Info-VST3.plist;
				INFOPLIST_PREPROCESS = NO;
				INSTALL_PATH = "$(HOME)/Library/Audio/Plug-Ins/VST3/";
				LIBRARY_STYLE = Bundle;
				MACOSX_DEPLOYMENT_TARGET = 10.13;
				MTL_HEADER_SEARCH_PATHS = "/Users/themackbook/Documents/JUCE/modules/juce_audio_processors/format_types/VST3_SDK $(SRCROOT)/../../JuceLibraryCode /Users/themackbook/Documents/JUCE/modules /Users/themackbook/Documents/JUCE/modules/juce_audio_plugin_client/AU";
				OTHER_CFLAGS = "-Wall -Wextra";
				OTHER_CPLUSPLUSFLAGS = "-Wall -Wextra";
				OTHER_LDFLAGS = "-bundle -lMyJX11";
				PRODUCT_BUNDLE_IDENTIFIER = com.yourcompany.MyJX11;
				PRODUCT_NAME = "MyJX11";
				USE_HEADERMAP = NO;
				VALID_ARCHS = "i386 x86_64 arm64 arm64e";
				WRAPPER_EXTENSION = vst3;
			};
			name = Debug;
		};
		3023649D9ADCBABD73C6A743 /* Release */ = {
			isa = XCBuildConfiguration;
			buildSettings = {
				ALWAYS_SEARCH_USER_PATHS = NO;
				CLANG_ENABLE_OBJC_WEAK = YES;
				CLANG_WARN_BLOCK_CAPTURE_AUTORELEASING = YES;
				CLANG_WARN_BOOL_CONVERSION = YES;
				CLANG_WARN_COMMA = YES;
				CLANG_WARN_CONSTANT_CONVERSION = YES;
				CLANG_WARN_DEPRECATED_OBJC_IMPLEMENTATIONS = YES;
				CLANG_WARN_EMPTY_BODY = YES;
				CLANG_WARN_ENUM_CONVERSION = YES;
				CLANG_WARN_INFINITE_RECURSION = YES;
				CLANG_WARN_INT_CONVERSION = YES;
				CLANG_WARN_NON_LITERAL_NULL_CONVERSION = YES;
				CLANG_WARN_OBJC_IMPLICIT_RETAIN_SELF = YES;
				CLANG_WARN_OBJC_LITERAL_CONVERSION = YES;
				CLANG_WARN_RANGE_LOOP_ANALYSIS = YES;
				CLANG_WARN_STRICT_PROTOTYPES = YES;
				CLANG_WARN_SUSPICIOUS_MOVE = YES;
				CLANG_WARN_UNREACHABLE_CODE = YES;
				CLANG_WARN__DUPLICATE_METHOD_MATCH = YES;
				DEBUG_INFORMATION_FORMAT = dwarf;
				ENABLE_STRICT_OBJC_MSGSEND = YES;
				ENABLE_TESTABILITY = NO;
				GCC_C_LANGUAGE_STANDARD = c11;
				GCC_INLINES_ARE_PRIVATE_EXTERN = YES;
				GCC_MODEL_TUNING = G5;
				GCC_NO_COMMON_BLOCKS = YES;
				GCC_SYMBOLS_PRIVATE_EXTERN = YES;
				GCC_WARN_64_TO_32_BIT_CONVERSION = YES;
				GCC_WARN_ABOUT_RETURN_TYPE = YES;
				GCC_WARN_CHECK_SWITCH_STATEMENTS = YES;
				GCC_WARN_MISSING_PARENTHESES = YES;
				GCC_WARN_NON_VIRTUAL_DESTRUCTOR = YES;
				GCC_WARN_TYPECHECK_CALLS_TO_PRINTF = YES;
				GCC_WARN_UNDECLARED_SELECTOR = YES;
				GCC_WARN_UNINITIALIZED_AUTOS = YES;
				GCC_WARN_UNUSED_FUNCTION = YES;
				GCC_WARN_UNUSED_VARIABLE = YES;
				PRODUCT_NAME = "MyJX11";
				SDKROOT = macosx;
				WARNING_CFLAGS = "-Wreorder";
				ZERO_LINK = NO;
			};
			name = Release;
		};
		5FCA13D438E786E0E881A16B /* Release */ = {
			isa = XCBuildConfiguration;
			buildSettings = {
				CLANG_CXX_LANGUAGE_STANDARD = "c++17";
				CLANG_CXX_LIBRARY = "libc++";
				CLANG_LINK_OBJC_RUNTIME = NO;
				COMBINE_HIDPI_IMAGES = YES;
				CONFIGURATION_BUILD_DIR = "$(PROJECT_DIR)/build/$(CONFIGURATION)";
				DEAD_CODE_STRIPPING = YES;
				EXCLUDED_ARCHS = "";
				GCC_GENERATE_DEBUGGING_SYMBOLS = NO;
				GCC_OPTIMIZATION_LEVEL = 3;
				GCC_PREPROCESSOR_DEFINITIONS = (
					"_NDEBUG=1",
					"NDEBUG=1",
					"JUCE_DISPLAY_SPLASH_SCREEN=1",
					"JUCE_USE_DARK_SPLASH_SCREEN=1",
					"JUCE_PROJUCER_VERSION=0x70009",
					"JUCE_MODULE_AVAILABLE_juce_audio_basics=1",
					"JUCE_MODULE_AVAILABLE_juce_audio_devices=1",
					"JUCE_MODULE_AVAILABLE_juce_audio_formats=1",
					"JUCE_MODULE_AVAILABLE_juce_audio_plugin_client=1",
					"JUCE_MODULE_AVAILABLE_juce_audio_processors=1",
					"JUCE_MODULE_AVAILABLE_juce_audio_utils=1",
					"JUCE_MODULE_AVAILABLE_juce_core=1",
					"JUCE_MODULE_AVAILABLE_juce_data_structures=1",
					"JUCE_MODULE_AVAILABLE_juce_events=1",
					"JUCE_MODULE_AVAILABLE_juce_graphics=1",
					"JUCE_MODULE_AVAILABLE_juce_gui_basics=1",
					"JUCE_MODULE_AVAILABLE_juce_gui_extra=1",
					"JUCE_GLOBAL_MODULE_SETTINGS_INCLUDED=1",
					"JUCE_VST3_CAN_REPLACE_VST2=0",
					"JUCE_STRICT_REFCOUNTEDPOINTER=1",
					"JucePlugin_Build_VST=0",
					"JucePlugin_Build_VST3=0",
					"JucePlugin_Build_AU=0",
					"JucePlugin_Build_AUv3=0",
					"JucePlugin_Build_AAX=0",
					"JucePlugin_Build_Standalone=0",
					"JucePlugin_Build_Unity=0",
					"JucePlugin_Build_LV2=0",
					"JucePlugin_Enable_IAA=0",
					"JucePlugin_Enable_ARA=0",
					"JucePlugin_Name=\\\"MyJX11\\\"",
					"JucePlugin_Desc=\\\"MyJX11\\\"",
					"JucePlugin_Manufacturer=\\\"Chopov1\\\"",
					"JucePlugin_ManufacturerWebsite=\\\"www.yourcompany.com\\\"",
					"JucePlugin_ManufacturerEmail=\\\"\\\"",
					"JucePlugin_ManufacturerCode=0x43686f70",
					"JucePlugin_PluginCode=0x4d794a58",
					"JucePlugin_IsSynth=1",
					"JucePlugin_WantsMidiInput=1",
					"JucePlugin_ProducesMidiOutput=0",
					"JucePlugin_IsMidiEffect=0",
					"JucePlugin_EditorRequiresKeyboardFocus=0",
					"JucePlugin_Version=1.0.0",
					"JucePlugin_VersionCode=0x10000",
					"JucePlugin_VersionString=\\\"1.0.0\\\"",
					"JucePlugin_VSTUniqueID=JucePlugin_PluginCode",
					"JucePlugin_VSTCategory=kPlugCategSynth",
					"JucePlugin_Vst3Category=\\\"Instrument|Synth\\\"",
					"JucePlugin_AUMainType=\\'aumu\\'",
					"JucePlugin_AUSubType=JucePlugin_PluginCode",
					"JucePlugin_AUExportPrefix=MyJX11AU",
					"JucePlugin_AUExportPrefixQuoted=\\\"MyJX11AU\\\"",
					"JucePlugin_AUManufacturerCode=JucePlugin_ManufacturerCode",
					"JucePlugin_CFBundleIdentifier=com.yourcompany.MyJX11",
					"JucePlugin_AAXIdentifier=com.yourcompany.MyJX11",
					"JucePlugin_AAXManufacturerCode=JucePlugin_ManufacturerCode",
					"JucePlugin_AAXProductId=JucePlugin_PluginCode",
					"JucePlugin_AAXCategory=2048",
					"JucePlugin_AAXDisableBypass=0",
					"JucePlugin_AAXDisableMultiMono=0",
					"JucePlugin_IAAType=0x61757269",
					"JucePlugin_IAASubType=JucePlugin_PluginCode",
					"JucePlugin_IAAName=\\\"Chopov1:\\ MyJX11\\\"",
					"JucePlugin_VSTNumMidiInputs=16",
					"JucePlugin_VSTNumMidiOutputs=16",
					"JucePlugin_ARAContentTypes=0",
					"JucePlugin_ARATransformationFlags=0",
					"JucePlugin_ARAFactoryID=\\\"com.yourcompany.MyJX11.factory\\\"",
					"JucePlugin_ARADocumentArchiveID=\\\"com.yourcompany.MyJX11.aradocumentarchive.1.0.0\\\"",
					"JucePlugin_ARACompatibleArchiveIDs=\\\"\\\"",
					"JUCE_STANDALONE_APPLICATION=JucePlugin_Build_Standalone",
					"JUCER_XCODE_MAC_F6D2F4CF=1",
					"JUCE_APP_VERSION=1.0.0",
					"JUCE_APP_VERSION_HEX=0x10000",
				);
				GCC_VERSION = com.apple.compilers.llvm.clang.1_0;
				HEADER_SEARCH_PATHS = (
					"/Users/themackbook/Documents/JUCE/modules/juce_audio_processors/format_types/VST3_SDK",
					"$(SRCROOT)/../../JuceLibraryCode",
					"/Users/themackbook/Documents/JUCE/modules",
					"/Users/themackbook/Documents/JUCE/modules/juce_audio_plugin_client/AU",
					"$(inherited)",
				);
				INFOPLIST_FILE = Info-VST3_Manifest_Helper.plist;
				INFOPLIST_PREPROCESS = NO;
				LLVM_LTO = YES;
				MACOSX_DEPLOYMENT_TARGET = 10.13;
				MTL_HEADER_SEARCH_PATHS = "/Users/themackbook/Documents/JUCE/modules/juce_audio_processors/format_types/VST3_SDK $(SRCROOT)/../../JuceLibraryCode /Users/themackbook/Documents/JUCE/modules /Users/themackbook/Documents/JUCE/modules/juce_audio_plugin_client/AU";
				OTHER_CFLAGS = "-Wall -Wextra";
				OTHER_CPLUSPLUSFLAGS = "-Wall -Wextra";
				PRODUCT_BUNDLE_IDENTIFIER = com.yourcompany.MyJX11;
				PRODUCT_NAME = "juce_vst3_helper";
				USE_HEADERMAP = NO;
				VALID_ARCHS = "i386 x86_64 arm64 arm64e";
			};
			name = Release;
		};
		768F79616206642787F13E77 /* Debug */ = {
			isa = XCBuildConfiguration;
			buildSettings = {
				MACOSX_DEPLOYMENT_TARGET = 10.13;
				SDKROOT = macosx;
			};
			name = Debug;
		};
		B5C9DB0955DE8C631514180E /* Release */ = {
			isa = XCBuildConfiguration;
			buildSettings = {
				MACOSX_DEPLOYMENT_TARGET = 10.13;
				SDKROOT = macosx;
			};
			name = Release;
		};
		C80D08D44108BCD435FF8563 /* Release */ = {
			isa = XCBuildConfiguration;
			buildSettings = {
				CLANG_CXX_LANGUAGE_STANDARD = "c++17";
				CLANG_CXX_LIBRARY = "libc++";
				CLANG_LINK_OBJC_RUNTIME = NO;
				COMBINE_HIDPI_IMAGES = YES;
				CONFIGURATION_BUILD_DIR = "$(PROJECT_DIR)/build/$(CONFIGURATION)";
				DEAD_CODE_STRIPPING = YES;
				EXCLUDED_ARCHS = "";
				GCC_GENERATE_DEBUGGING_SYMBOLS = NO;
				GCC_OPTIMIZATION_LEVEL = 3;
				GCC_PREPROCESSOR_DEFINITIONS = (
					"_NDEBUG=1",
					"NDEBUG=1",
					"JUCE_DISPLAY_SPLASH_SCREEN=1",
					"JUCE_USE_DARK_SPLASH_SCREEN=1",
					"JUCE_PROJUCER_VERSION=0x70009",
					"JUCE_MODULE_AVAILABLE_juce_audio_basics=1",
					"JUCE_MODULE_AVAILABLE_juce_audio_devices=1",
					"JUCE_MODULE_AVAILABLE_juce_audio_formats=1",
					"JUCE_MODULE_AVAILABLE_juce_audio_plugin_client=1",
					"JUCE_MODULE_AVAILABLE_juce_audio_processors=1",
					"JUCE_MODULE_AVAILABLE_juce_audio_utils=1",
					"JUCE_MODULE_AVAILABLE_juce_core=1",
					"JUCE_MODULE_AVAILABLE_juce_data_structures=1",
					"JUCE_MODULE_AVAILABLE_juce_events=1",
					"JUCE_MODULE_AVAILABLE_juce_graphics=1",
					"JUCE_MODULE_AVAILABLE_juce_gui_basics=1",
					"JUCE_MODULE_AVAILABLE_juce_gui_extra=1",
					"JUCE_GLOBAL_MODULE_SETTINGS_INCLUDED=1",
					"JUCE_VST3_CAN_REPLACE_VST2=0",
					"JUCE_STRICT_REFCOUNTEDPOINTER=1",
					"JucePlugin_Build_VST=0",
					"JucePlugin_Build_VST3=0",
					"JucePlugin_Build_AU=0",
					"JucePlugin_Build_AUv3=0",
					"JucePlugin_Build_AAX=0",
					"JucePlugin_Build_Standalone=1",
					"JucePlugin_Build_Unity=0",
					"JucePlugin_Build_LV2=0",
					"JucePlugin_Enable_IAA=0",
					"JucePlugin_Enable_ARA=0",
					"JucePlugin_Name=\\\"MyJX11\\\"",
					"JucePlugin_Desc=\\\"MyJX11\\\"",
					"JucePlugin_Manufacturer=\\\"Chopov1\\\"",
					"JucePlugin_ManufacturerWebsite=\\\"www.yourcompany.com\\\"",
					"JucePlugin_ManufacturerEmail=\\\"\\\"",
					"JucePlugin_ManufacturerCode=0x43686f70",
					"JucePlugin_PluginCode=0x4d794a58",
					"JucePlugin_IsSynth=1",
					"JucePlugin_WantsMidiInput=1",
					"JucePlugin_ProducesMidiOutput=0",
					"JucePlugin_IsMidiEffect=0",
					"JucePlugin_EditorRequiresKeyboardFocus=0",
					"JucePlugin_Version=1.0.0",
					"JucePlugin_VersionCode=0x10000",
					"JucePlugin_VersionString=\\\"1.0.0\\\"",
					"JucePlugin_VSTUniqueID=JucePlugin_PluginCode",
					"JucePlugin_VSTCategory=kPlugCategSynth",
					"JucePlugin_Vst3Category=\\\"Instrument|Synth\\\"",
					"JucePlugin_AUMainType=\\'aumu\\'",
					"JucePlugin_AUSubType=JucePlugin_PluginCode",
					"JucePlugin_AUExportPrefix=MyJX11AU",
					"JucePlugin_AUExportPrefixQuoted=\\\"MyJX11AU\\\"",
					"JucePlugin_AUManufacturerCode=JucePlugin_ManufacturerCode",
					"JucePlugin_CFBundleIdentifier=com.yourcompany.MyJX11",
					"JucePlugin_AAXIdentifier=com.yourcompany.MyJX11",
					"JucePlugin_AAXManufacturerCode=JucePlugin_ManufacturerCode",
					"JucePlugin_AAXProductId=JucePlugin_PluginCode",
					"JucePlugin_AAXCategory=2048",
					"JucePlugin_AAXDisableBypass=0",
					"JucePlugin_AAXDisableMultiMono=0",
					"JucePlugin_IAAType=0x61757269",
					"JucePlugin_IAASubType=JucePlugin_PluginCode",
					"JucePlugin_IAAName=\\\"Chopov1:\\ MyJX11\\\"",
					"JucePlugin_VSTNumMidiInputs=16",
					"JucePlugin_VSTNumMidiOutputs=16",
					"JucePlugin_ARAContentTypes=0",
					"JucePlugin_ARATransformationFlags=0",
					"JucePlugin_ARAFactoryID=\\\"com.yourcompany.MyJX11.factory\\\"",
					"JucePlugin_ARADocumentArchiveID=\\\"com.yourcompany.MyJX11.aradocumentarchive.1.0.0\\\"",
					"JucePlugin_ARACompatibleArchiveIDs=\\\"\\\"",
					"JUCE_STANDALONE_APPLICATION=JucePlugin_Build_Standalone",
					"JUCER_XCODE_MAC_F6D2F4CF=1",
					"JUCE_APP_VERSION=1.0.0",
					"JUCE_APP_VERSION_HEX=0x10000",
				);
				GCC_VERSION = com.apple.compilers.llvm.clang.1_0;
				HEADER_SEARCH_PATHS = (
					"/Users/themackbook/Documents/JUCE/modules/juce_audio_processors/format_types/VST3_SDK",
					"$(SRCROOT)/../../JuceLibraryCode",
					"/Users/themackbook/Documents/JUCE/modules",
					"/Users/themackbook/Documents/JUCE/modules/juce_audio_plugin_client/AU",
					"$(inherited)",
				);
				INFOPLIST_FILE = Info-Standalone_Plugin.plist;
				INFOPLIST_PREPROCESS = NO;
				LLVM_LTO = YES;
				MACOSX_DEPLOYMENT_TARGET = 10.13;
				MTL_HEADER_SEARCH_PATHS = "/Users/themackbook/Documents/JUCE/modules/juce_audio_processors/format_types/VST3_SDK $(SRCROOT)/../../JuceLibraryCode /Users/themackbook/Documents/JUCE/modules /Users/themackbook/Documents/JUCE/modules/juce_audio_plugin_client/AU";
				OTHER_CFLAGS = "-Wall -Wextra";
				OTHER_CPLUSPLUSFLAGS = "-Wall -Wextra";
				OTHER_LDFLAGS = "-lMyJX11";
				PRODUCT_BUNDLE_IDENTIFIER = com.yourcompany.MyJX11;
				PRODUCT_NAME = "MyJX11";
				USE_HEADERMAP = NO;
				VALID_ARCHS = "i386 x86_64 arm64 arm64e";
			};
			name = Release;
		};
		D7349D9C2DD377EBDB46E344 /* Debug */ = {
			isa = XCBuildConfiguration;
			buildSettings = {
				CLANG_CXX_LANGUAGE_STANDARD = "c++17";
				CLANG_CXX_LIBRARY = "libc++";
				CLANG_LINK_OBJC_RUNTIME = NO;
				COMBINE_HIDPI_IMAGES = YES;
				CONFIGURATION_BUILD_DIR = "$(PROJECT_DIR)/build/$(CONFIGURATION)";
				COPY_PHASE_STRIP = NO;
				EXCLUDED_ARCHS = "";
				GCC_DYNAMIC_NO_PIC = NO;
				GCC_OPTIMIZATION_LEVEL = 0;
				GCC_PREPROCESSOR_DEFINITIONS = (
					"_DEBUG=1",
					"DEBUG=1",
					"JUCE_DISPLAY_SPLASH_SCREEN=1",
					"JUCE_USE_DARK_SPLASH_SCREEN=1",
					"JUCE_PROJUCER_VERSION=0x70009",
					"JUCE_MODULE_AVAILABLE_juce_audio_basics=1",
					"JUCE_MODULE_AVAILABLE_juce_audio_devices=1",
					"JUCE_MODULE_AVAILABLE_juce_audio_formats=1",
					"JUCE_MODULE_AVAILABLE_juce_audio_plugin_client=1",
					"JUCE_MODULE_AVAILABLE_juce_audio_processors=1",
					"JUCE_MODULE_AVAILABLE_juce_audio_utils=1",
					"JUCE_MODULE_AVAILABLE_juce_core=1",
					"JUCE_MODULE_AVAILABLE_juce_data_structures=1",
					"JUCE_MODULE_AVAILABLE_juce_events=1",
					"JUCE_MODULE_AVAILABLE_juce_graphics=1",
					"JUCE_MODULE_AVAILABLE_juce_gui_basics=1",
					"JUCE_MODULE_AVAILABLE_juce_gui_extra=1",
					"JUCE_GLOBAL_MODULE_SETTINGS_INCLUDED=1",
					"JUCE_VST3_CAN_REPLACE_VST2=0",
					"JUCE_STRICT_REFCOUNTEDPOINTER=1",
					"JucePlugin_Build_VST=0",
					"JucePlugin_Build_VST3=1",
					"JucePlugin_Build_AU=0",
					"JucePlugin_Build_AUv3=0",
					"JucePlugin_Build_AAX=0",
					"JucePlugin_Build_Standalone=1",
					"JucePlugin_Build_Unity=0",
					"JucePlugin_Build_LV2=0",
					"JucePlugin_Enable_IAA=0",
					"JucePlugin_Enable_ARA=0",
					"JucePlugin_Name=\\\"MyJX11\\\"",
					"JucePlugin_Desc=\\\"MyJX11\\\"",
					"JucePlugin_Manufacturer=\\\"Chopov1\\\"",
					"JucePlugin_ManufacturerWebsite=\\\"www.yourcompany.com\\\"",
					"JucePlugin_ManufacturerEmail=\\\"\\\"",
					"JucePlugin_ManufacturerCode=0x43686f70",
					"JucePlugin_PluginCode=0x4d794a58",
					"JucePlugin_IsSynth=1",
					"JucePlugin_WantsMidiInput=1",
					"JucePlugin_ProducesMidiOutput=0",
					"JucePlugin_IsMidiEffect=0",
					"JucePlugin_EditorRequiresKeyboardFocus=0",
					"JucePlugin_Version=1.0.0",
					"JucePlugin_VersionCode=0x10000",
					"JucePlugin_VersionString=\\\"1.0.0\\\"",
					"JucePlugin_VSTUniqueID=JucePlugin_PluginCode",
					"JucePlugin_VSTCategory=kPlugCategSynth",
					"JucePlugin_Vst3Category=\\\"Instrument|Synth\\\"",
					"JucePlugin_AUMainType=\\'aumu\\'",
					"JucePlugin_AUSubType=JucePlugin_PluginCode",
					"JucePlugin_AUExportPrefix=MyJX11AU",
					"JucePlugin_AUExportPrefixQuoted=\\\"MyJX11AU\\\"",
					"JucePlugin_AUManufacturerCode=JucePlugin_ManufacturerCode",
					"JucePlugin_CFBundleIdentifier=com.yourcompany.MyJX11",
					"JucePlugin_AAXIdentifier=com.yourcompany.MyJX11",
					"JucePlugin_AAXManufacturerCode=JucePlugin_ManufacturerCode",
					"JucePlugin_AAXProductId=JucePlugin_PluginCode",
					"JucePlugin_AAXCategory=2048",
					"JucePlugin_AAXDisableBypass=0",
					"JucePlugin_AAXDisableMultiMono=0",
					"JucePlugin_IAAType=0x61757269",
					"JucePlugin_IAASubType=JucePlugin_PluginCode",
					"JucePlugin_IAAName=\\\"Chopov1:\\ MyJX11\\\"",
					"JucePlugin_VSTNumMidiInputs=16",
					"JucePlugin_VSTNumMidiOutputs=16",
					"JucePlugin_ARAContentTypes=0",
					"JucePlugin_ARATransformationFlags=0",
					"JucePlugin_ARAFactoryID=\\\"com.yourcompany.MyJX11.factory\\\"",
					"JucePlugin_ARADocumentArchiveID=\\\"com.yourcompany.MyJX11.aradocumentarchive.1.0.0\\\"",
					"JucePlugin_ARACompatibleArchiveIDs=\\\"\\\"",
					"JUCE_STANDALONE_APPLICATION=JucePlugin_Build_Standalone",
					"JUCER_XCODE_MAC_F6D2F4CF=1",
					"JUCE_APP_VERSION=1.0.0",
					"JUCE_APP_VERSION_HEX=0x10000",
					"JUCE_SHARED_CODE=1",
				);
				GCC_VERSION = com.apple.compilers.llvm.clang.1_0;
				HEADER_SEARCH_PATHS = (
					"/Users/themackbook/Documents/JUCE/modules/juce_audio_processors/format_types/VST3_SDK",
					"$(SRCROOT)/../../JuceLibraryCode",
					"/Users/themackbook/Documents/JUCE/modules",
					"/Users/themackbook/Documents/JUCE/modules/juce_audio_plugin_client/AU",
					"$(inherited)",
				);
				INSTALL_PATH = "@executable_path/../Frameworks";
				MACOSX_DEPLOYMENT_TARGET = 10.13;
				MTL_HEADER_SEARCH_PATHS = "/Users/themackbook/Documents/JUCE/modules/juce_audio_processors/format_types/VST3_SDK $(SRCROOT)/../../JuceLibraryCode /Users/themackbook/Documents/JUCE/modules /Users/themackbook/Documents/JUCE/modules/juce_audio_plugin_client/AU";
				OTHER_CFLAGS = "-Wall -Wextra";
				OTHER_CPLUSPLUSFLAGS = "-Wall -Wextra";
				PRODUCT_BUNDLE_IDENTIFIER = com.yourcompany.MyJX11;
				PRODUCT_NAME = "MyJX11";
				SKIP_INSTALL = YES;
				USE_HEADERMAP = NO;
				VALID_ARCHS = "i386 x86_64 arm64 arm64e";
			};
			name = Debug;
		};
		DBCF09D8465487CB23557AC8 /* Debug */ = {
			isa = XCBuildConfiguration;
			buildSettings = {
				CLANG_CXX_LANGUAGE_STANDARD = "c++17";
				CLANG_CXX_LIBRARY = "libc++";
				CLANG_LINK_OBJC_RUNTIME = NO;
				COMBINE_HIDPI_IMAGES = YES;
				CONFIGURATION_BUILD_DIR = "$(PROJECT_DIR)/build/$(CONFIGURATION)";
				COPY_PHASE_STRIP = NO;
				EXCLUDED_ARCHS = "";
				GCC_DYNAMIC_NO_PIC = NO;
				GCC_OPTIMIZATION_LEVEL = 0;
				GCC_PREPROCESSOR_DEFINITIONS = (
					"_DEBUG=1",
					"DEBUG=1",
					"JUCE_DISPLAY_SPLASH_SCREEN=1",
					"JUCE_USE_DARK_SPLASH_SCREEN=1",
					"JUCE_PROJUCER_VERSION=0x70009",
					"JUCE_MODULE_AVAILABLE_juce_audio_basics=1",
					"JUCE_MODULE_AVAILABLE_juce_audio_devices=1",
					"JUCE_MODULE_AVAILABLE_juce_audio_formats=1",
					"JUCE_MODULE_AVAILABLE_juce_audio_plugin_client=1",
					"JUCE_MODULE_AVAILABLE_juce_audio_processors=1",
					"JUCE_MODULE_AVAILABLE_juce_audio_utils=1",
					"JUCE_MODULE_AVAILABLE_juce_core=1",
					"JUCE_MODULE_AVAILABLE_juce_data_structures=1",
					"JUCE_MODULE_AVAILABLE_juce_events=1",
					"JUCE_MODULE_AVAILABLE_juce_graphics=1",
					"JUCE_MODULE_AVAILABLE_juce_gui_basics=1",
					"JUCE_MODULE_AVAILABLE_juce_gui_extra=1",
					"JUCE_GLOBAL_MODULE_SETTINGS_INCLUDED=1",
					"JUCE_VST3_CAN_REPLACE_VST2=0",
					"JUCE_STRICT_REFCOUNTEDPOINTER=1",
					"JucePlugin_Build_VST=0",
					"JucePlugin_Build_VST3=0",
					"JucePlugin_Build_AU=0",
					"JucePlugin_Build_AUv3=0",
					"JucePlugin_Build_AAX=0",
					"JucePlugin_Build_Standalone=1",
					"JucePlugin_Build_Unity=0",
					"JucePlugin_Build_LV2=0",
					"JucePlugin_Enable_IAA=0",
					"JucePlugin_Enable_ARA=0",
					"JucePlugin_Name=\\\"MyJX11\\\"",
					"JucePlugin_Desc=\\\"MyJX11\\\"",
					"JucePlugin_Manufacturer=\\\"Chopov1\\\"",
					"JucePlugin_ManufacturerWebsite=\\\"www.yourcompany.com\\\"",
					"JucePlugin_ManufacturerEmail=\\\"\\\"",
					"JucePlugin_ManufacturerCode=0x43686f70",
					"JucePlugin_PluginCode=0x4d794a58",
					"JucePlugin_IsSynth=1",
					"JucePlugin_WantsMidiInput=1",
					"JucePlugin_ProducesMidiOutput=0",
					"JucePlugin_IsMidiEffect=0",
					"JucePlugin_EditorRequiresKeyboardFocus=0",
					"JucePlugin_Version=1.0.0",
					"JucePlugin_VersionCode=0x10000",
					"JucePlugin_VersionString=\\\"1.0.0\\\"",
					"JucePlugin_VSTUniqueID=JucePlugin_PluginCode",
					"JucePlugin_VSTCategory=kPlugCategSynth",
					"JucePlugin_Vst3Category=\\\"Instrument|Synth\\\"",
					"JucePlugin_AUMainType=\\'aumu\\'",
					"JucePlugin_AUSubType=JucePlugin_PluginCode",
					"JucePlugin_AUExportPrefix=MyJX11AU",
					"JucePlugin_AUExportPrefixQuoted=\\\"MyJX11AU\\\"",
					"JucePlugin_AUManufacturerCode=JucePlugin_ManufacturerCode",
					"JucePlugin_CFBundleIdentifier=com.yourcompany.MyJX11",
					"JucePlugin_AAXIdentifier=com.yourcompany.MyJX11",
					"JucePlugin_AAXManufacturerCode=JucePlugin_ManufacturerCode",
					"JucePlugin_AAXProductId=JucePlugin_PluginCode",
					"JucePlugin_AAXCategory=2048",
					"JucePlugin_AAXDisableBypass=0",
					"JucePlugin_AAXDisableMultiMono=0",
					"JucePlugin_IAAType=0x61757269",
					"JucePlugin_IAASubType=JucePlugin_PluginCode",
					"JucePlugin_IAAName=\\\"Chopov1:\\ MyJX11\\\"",
					"JucePlugin_VSTNumMidiInputs=16",
					"JucePlugin_VSTNumMidiOutputs=16",
					"JucePlugin_ARAContentTypes=0",
					"JucePlugin_ARATransformationFlags=0",
					"JucePlugin_ARAFactoryID=\\\"com.yourcompany.MyJX11.factory\\\"",
					"JucePlugin_ARADocumentArchiveID=\\\"com.yourcompany.MyJX11.aradocumentarchive.1.0.0\\\"",
					"JucePlugin_ARACompatibleArchiveIDs=\\\"\\\"",
					"JUCE_STANDALONE_APPLICATION=JucePlugin_Build_Standalone",
					"JUCER_XCODE_MAC_F6D2F4CF=1",
					"JUCE_APP_VERSION=1.0.0",
					"JUCE_APP_VERSION_HEX=0x10000",
				);
				GCC_VERSION = com.apple.compilers.llvm.clang.1_0;
				HEADER_SEARCH_PATHS = (
					"/Users/themackbook/Documents/JUCE/modules/juce_audio_processors/format_types/VST3_SDK",
					"$(SRCROOT)/../../JuceLibraryCode",
					"/Users/themackbook/Documents/JUCE/modules",
					"/Users/themackbook/Documents/JUCE/modules/juce_audio_plugin_client/AU",
					"$(inherited)",
				);
				INFOPLIST_FILE = Info-Standalone_Plugin.plist;
				INFOPLIST_PREPROCESS = NO;
				MACOSX_DEPLOYMENT_TARGET = 10.13;
				MTL_HEADER_SEARCH_PATHS = "/Users/themackbook/Documents/JUCE/modules/juce_audio_processors/format_types/VST3_SDK $(SRCROOT)/../../JuceLibraryCode /Users/themackbook/Documents/JUCE/modules /Users/themackbook/Documents/JUCE/modules/juce_audio_plugin_client/AU";
				OTHER_CFLAGS = "-Wall -Wextra";
				OTHER_CPLUSPLUSFLAGS = "-Wall -Wextra";
				OTHER_LDFLAGS = "-lMyJX11";
				PRODUCT_BUNDLE_IDENTIFIER = com.yourcompany.MyJX11;
				PRODUCT_NAME = "MyJX11";
				USE_HEADERMAP = NO;
				VALID_ARCHS = "i386 x86_64 arm64 arm64e";
			};
			name = Debug;
		};
		DD969CE38FCAFEA151631248 /* Release */ = {
			isa = XCBuildConfiguration;
			buildSettings = {
				CLANG_CXX_LANGUAGE_STANDARD = "c++17";
				CLANG_CXX_LIBRARY = "libc++";
				CLANG_LINK_OBJC_RUNTIME = NO;
				COMBINE_HIDPI_IMAGES = YES;
				CONFIGURATION_BUILD_DIR = "$(PROJECT_DIR)/build/$(CONFIGURATION)";
				DEAD_CODE_STRIPPING = YES;
				EXCLUDED_ARCHS = "";
				GCC_GENERATE_DEBUGGING_SYMBOLS = NO;
				GCC_OPTIMIZATION_LEVEL = 3;
				GCC_PREPROCESSOR_DEFINITIONS = (
					"_NDEBUG=1",
					"NDEBUG=1",
					"JUCE_DISPLAY_SPLASH_SCREEN=1",
					"JUCE_USE_DARK_SPLASH_SCREEN=1",
					"JUCE_PROJUCER_VERSION=0x70009",
					"JUCE_MODULE_AVAILABLE_juce_audio_basics=1",
					"JUCE_MODULE_AVAILABLE_juce_audio_devices=1",
					"JUCE_MODULE_AVAILABLE_juce_audio_formats=1",
					"JUCE_MODULE_AVAILABLE_juce_audio_plugin_client=1",
					"JUCE_MODULE_AVAILABLE_juce_audio_processors=1",
					"JUCE_MODULE_AVAILABLE_juce_audio_utils=1",
					"JUCE_MODULE_AVAILABLE_juce_core=1",
					"JUCE_MODULE_AVAILABLE_juce_data_structures=1",
					"JUCE_MODULE_AVAILABLE_juce_events=1",
					"JUCE_MODULE_AVAILABLE_juce_graphics=1",
					"JUCE_MODULE_AVAILABLE_juce_gui_basics=1",
					"JUCE_MODULE_AVAILABLE_juce_gui_extra=1",
					"JUCE_GLOBAL_MODULE_SETTINGS_INCLUDED=1",
					"JUCE_VST3_CAN_REPLACE_VST2=0",
					"JUCE_STRICT_REFCOUNTEDPOINTER=1",
					"JucePlugin_Build_VST=0",
					"JucePlugin_Build_VST3=1",
					"JucePlugin_Build_AU=0",
					"JucePlugin_Build_AUv3=0",
					"JucePlugin_Build_AAX=0",
					"JucePlugin_Build_Standalone=0",
					"JucePlugin_Build_Unity=0",
					"JucePlugin_Build_LV2=0",
					"JucePlugin_Enable_IAA=0",
					"JucePlugin_Enable_ARA=0",
					"JucePlugin_Name=\\\"MyJX11\\\"",
					"JucePlugin_Desc=\\\"MyJX11\\\"",
					"JucePlugin_Manufacturer=\\\"Chopov1\\\"",
					"JucePlugin_ManufacturerWebsite=\\\"www.yourcompany.com\\\"",
					"JucePlugin_ManufacturerEmail=\\\"\\\"",
					"JucePlugin_ManufacturerCode=0x43686f70",
					"JucePlugin_PluginCode=0x4d794a58",
					"JucePlugin_IsSynth=1",
					"JucePlugin_WantsMidiInput=1",
					"JucePlugin_ProducesMidiOutput=0",
					"JucePlugin_IsMidiEffect=0",
					"JucePlugin_EditorRequiresKeyboardFocus=0",
					"JucePlugin_Version=1.0.0",
					"JucePlugin_VersionCode=0x10000",
					"JucePlugin_VersionString=\\\"1.0.0\\\"",
					"JucePlugin_VSTUniqueID=JucePlugin_PluginCode",
					"JucePlugin_VSTCategory=kPlugCategSynth",
					"JucePlugin_Vst3Category=\\\"Instrument|Synth\\\"",
					"JucePlugin_AUMainType=\\'aumu\\'",
					"JucePlugin_AUSubType=JucePlugin_PluginCode",
					"JucePlugin_AUExportPrefix=MyJX11AU",
					"JucePlugin_AUExportPrefixQuoted=\\\"MyJX11AU\\\"",
					"JucePlugin_AUManufacturerCode=JucePlugin_ManufacturerCode",
					"JucePlugin_CFBundleIdentifier=com.yourcompany.MyJX11",
					"JucePlugin_AAXIdentifier=com.yourcompany.MyJX11",
					"JucePlugin_AAXManufacturerCode=JucePlugin_ManufacturerCode",
					"JucePlugin_AAXProductId=JucePlugin_PluginCode",
					"JucePlugin_AAXCategory=2048",
					"JucePlugin_AAXDisableBypass=0",
					"JucePlugin_AAXDisableMultiMono=0",
					"JucePlugin_IAAType=0x61757269",
					"JucePlugin_IAASubType=JucePlugin_PluginCode",
					"JucePlugin_IAAName=\\\"Chopov1:\\ MyJX11\\\"",
					"JucePlugin_VSTNumMidiInputs=16",
					"JucePlugin_VSTNumMidiOutputs=16",
					"JucePlugin_ARAContentTypes=0",
					"JucePlugin_ARATransformationFlags=0",
					"JucePlugin_ARAFactoryID=\\\"com.yourcompany.MyJX11.factory\\\"",
					"JucePlugin_ARADocumentArchiveID=\\\"com.yourcompany.MyJX11.aradocumentarchive.1.0.0\\\"",
					"JucePlugin_ARACompatibleArchiveIDs=\\\"\\\"",
					"JUCE_STANDALONE_APPLICATION=JucePlugin_Build_Standalone",
					"JUCER_XCODE_MAC_F6D2F4CF=1",
					"JUCE_APP_VERSION=1.0.0",
					"JUCE_APP_VERSION_HEX=0x10000",
				);
				GCC_VERSION = com.apple.compilers.llvm.clang.1_0;
				GENERATE_PKGINFO_FILE = YES;
				HEADER_SEARCH_PATHS = (
					"/Users/themackbook/Documents/JUCE/modules/juce_audio_processors/format_types/VST3_SDK",
					"$(SRCROOT)/../../JuceLibraryCode",
					"/Users/themackbook/Documents/JUCE/modules",
					"/Users/themackbook/Documents/JUCE/modules/juce_audio_plugin_client/AU",
					"$(inherited)",
				);
				INFOPLIST_FILE = Info-VST3.plist;
				INFOPLIST_PREPROCESS = NO;
				INSTALL_PATH = "$(HOME)/Library/Audio/Plug-Ins/VST3/";
				LIBRARY_STYLE = Bundle;
				LLVM_LTO = YES;
				MACOSX_DEPLOYMENT_TARGET = 10.13;
				MTL_HEADER_SEARCH_PATHS = "/Users/themackbook/Documents/JUCE/modules/juce_audio_processors/format_types/VST3_SDK $(SRCROOT)/../../JuceLibraryCode /Users/themackbook/Documents/JUCE/modules /Users/themackbook/Documents/JUCE/modules/juce_audio_plugin_client/AU";
				OTHER_CFLAGS = "-Wall -Wextra";
				OTHER_CPLUSPLUSFLAGS = "-Wall -Wextra";
				OTHER_LDFLAGS = "-bundle -lMyJX11";
				PRODUCT_BUNDLE_IDENTIFIER = com.yourcompany.MyJX11;
				PRODUCT_NAME = "MyJX11";
				USE_HEADERMAP = NO;
				VALID_ARCHS = "i386 x86_64 arm64 arm64e";
				WRAPPER_EXTENSION = vst3;
			};
			name = Release;
		};
		E412965EF24CFED83A1BD34B /* Debug */ = {
			isa = XCBuildConfiguration;
			buildSettings = {
				CLANG_CXX_LANGUAGE_STANDARD = "c++17";
				CLANG_CXX_LIBRARY = "libc++";
				CLANG_LINK_OBJC_RUNTIME = NO;
				COMBINE_HIDPI_IMAGES = YES;
				CONFIGURATION_BUILD_DIR = "$(PROJECT_DIR)/build/$(CONFIGURATION)";
				COPY_PHASE_STRIP = NO;
				EXCLUDED_ARCHS = "";
				GCC_DYNAMIC_NO_PIC = NO;
				GCC_OPTIMIZATION_LEVEL = 0;
				GCC_PREPROCESSOR_DEFINITIONS = (
					"_DEBUG=1",
					"DEBUG=1",
					"JUCE_DISPLAY_SPLASH_SCREEN=1",
					"JUCE_USE_DARK_SPLASH_SCREEN=1",
					"JUCE_PROJUCER_VERSION=0x70009",
					"JUCE_MODULE_AVAILABLE_juce_audio_basics=1",
					"JUCE_MODULE_AVAILABLE_juce_audio_devices=1",
					"JUCE_MODULE_AVAILABLE_juce_audio_formats=1",
					"JUCE_MODULE_AVAILABLE_juce_audio_plugin_client=1",
					"JUCE_MODULE_AVAILABLE_juce_audio_processors=1",
					"JUCE_MODULE_AVAILABLE_juce_audio_utils=1",
					"JUCE_MODULE_AVAILABLE_juce_core=1",
					"JUCE_MODULE_AVAILABLE_juce_data_structures=1",
					"JUCE_MODULE_AVAILABLE_juce_events=1",
					"JUCE_MODULE_AVAILABLE_juce_graphics=1",
					"JUCE_MODULE_AVAILABLE_juce_gui_basics=1",
					"JUCE_MODULE_AVAILABLE_juce_gui_extra=1",
					"JUCE_GLOBAL_MODULE_SETTINGS_INCLUDED=1",
					"JUCE_VST3_CAN_REPLACE_VST2=0",
					"JUCE_STRICT_REFCOUNTEDPOINTER=1",
					"JucePlugin_Build_VST=0",
					"JucePlugin_Build_VST3=0",
					"JucePlugin_Build_AU=0",
					"JucePlugin_Build_AUv3=0",
					"JucePlugin_Build_AAX=0",
					"JucePlugin_Build_Standalone=0",
					"JucePlugin_Build_Unity=0",
					"JucePlugin_Build_LV2=0",
					"JucePlugin_Enable_IAA=0",
					"JucePlugin_Enable_ARA=0",
					"JucePlugin_Name=\\\"MyJX11\\\"",
					"JucePlugin_Desc=\\\"MyJX11\\\"",
					"JucePlugin_Manufacturer=\\\"Chopov1\\\"",
					"JucePlugin_ManufacturerWebsite=\\\"www.yourcompany.com\\\"",
					"JucePlugin_ManufacturerEmail=\\\"\\\"",
					"JucePlugin_ManufacturerCode=0x43686f70",
					"JucePlugin_PluginCode=0x4d794a58",
					"JucePlugin_IsSynth=1",
					"JucePlugin_WantsMidiInput=1",
					"JucePlugin_ProducesMidiOutput=0",
					"JucePlugin_IsMidiEffect=0",
					"JucePlugin_EditorRequiresKeyboardFocus=0",
					"JucePlugin_Version=1.0.0",
					"JucePlugin_VersionCode=0x10000",
					"JucePlugin_VersionString=\\\"1.0.0\\\"",
					"JucePlugin_VSTUniqueID=JucePlugin_PluginCode",
					"JucePlugin_VSTCategory=kPlugCategSynth",
					"JucePlugin_Vst3Category=\\\"Instrument|Synth\\\"",
					"JucePlugin_AUMainType=\\'aumu\\'",
					"JucePlugin_AUSubType=JucePlugin_PluginCode",
					"JucePlugin_AUExportPrefix=MyJX11AU",
					"JucePlugin_AUExportPrefixQuoted=\\\"MyJX11AU\\\"",
					"JucePlugin_AUManufacturerCode=JucePlugin_ManufacturerCode",
					"JucePlugin_CFBundleIdentifier=com.yourcompany.MyJX11",
					"JucePlugin_AAXIdentifier=com.yourcompany.MyJX11",
					"JucePlugin_AAXManufacturerCode=JucePlugin_ManufacturerCode",
					"JucePlugin_AAXProductId=JucePlugin_PluginCode",
					"JucePlugin_AAXCategory=2048",
					"JucePlugin_AAXDisableBypass=0",
					"JucePlugin_AAXDisableMultiMono=0",
					"JucePlugin_IAAType=0x61757269",
					"JucePlugin_IAASubType=JucePlugin_PluginCode",
					"JucePlugin_IAAName=\\\"Chopov1:\\ MyJX11\\\"",
					"JucePlugin_VSTNumMidiInputs=16",
					"JucePlugin_VSTNumMidiOutputs=16",
					"JucePlugin_ARAContentTypes=0",
					"JucePlugin_ARATransformationFlags=0",
					"JucePlugin_ARAFactoryID=\\\"com.yourcompany.MyJX11.factory\\\"",
					"JucePlugin_ARADocumentArchiveID=\\\"com.yourcompany.MyJX11.aradocumentarchive.1.0.0\\\"",
					"JucePlugin_ARACompatibleArchiveIDs=\\\"\\\"",
					"JUCE_STANDALONE_APPLICATION=JucePlugin_Build_Standalone",
					"JUCER_XCODE_MAC_F6D2F4CF=1",
					"JUCE_APP_VERSION=1.0.0",
					"JUCE_APP_VERSION_HEX=0x10000",
				);
				GCC_VERSION = com.apple.compilers.llvm.clang.1_0;
				HEADER_SEARCH_PATHS = (
					"/Users/themackbook/Documents/JUCE/modules/juce_audio_processors/format_types/VST3_SDK",
					"$(SRCROOT)/../../JuceLibraryCode",
					"/Users/themackbook/Documents/JUCE/modules",
					"/Users/themackbook/Documents/JUCE/modules/juce_audio_plugin_client/AU",
					"$(inherited)",
				);
				INFOPLIST_FILE = Info-VST3_Manifest_Helper.plist;
				INFOPLIST_PREPROCESS = NO;
				MACOSX_DEPLOYMENT_TARGET = 10.13;
				MTL_HEADER_SEARCH_PATHS = "/Users/themackbook/Documents/JUCE/modules/juce_audio_processors/format_types/VST3_SDK $(SRCROOT)/../../JuceLibraryCode /Users/themackbook/Documents/JUCE/modules /Users/themackbook/Documents/JUCE/modules/juce_audio_plugin_client/AU";
				OTHER_CFLAGS = "-Wall -Wextra";
				OTHER_CPLUSPLUSFLAGS = "-Wall -Wextra";
				PRODUCT_BUNDLE_IDENTIFIER = com.yourcompany.MyJX11;
				PRODUCT_NAME = "juce_vst3_helper";
				USE_HEADERMAP = NO;
				VALID_ARCHS = "i386 x86_64 arm64 arm64e";
			};
			name = Debug;
		};
		F1267596672D3017ABE41EB9 /* Release */ = {
			isa = XCBuildConfiguration;
			buildSettings = {
				CLANG_CXX_LANGUAGE_STANDARD = "c++17";
				CLANG_CXX_LIBRARY = "libc++";
				CLANG_LINK_OBJC_RUNTIME = NO;
				COMBINE_HIDPI_IMAGES = YES;
				CONFIGURATION_BUILD_DIR = "$(PROJECT_DIR)/build/$(CONFIGURATION)";
				DEAD_CODE_STRIPPING = YES;
				EXCLUDED_ARCHS = "";
				GCC_GENERATE_DEBUGGING_SYMBOLS = NO;
				GCC_OPTIMIZATION_LEVEL = 3;
				GCC_PREPROCESSOR_DEFINITIONS = (
					"_NDEBUG=1",
					"NDEBUG=1",
					"JUCE_DISPLAY_SPLASH_SCREEN=1",
					"JUCE_USE_DARK_SPLASH_SCREEN=1",
					"JUCE_PROJUCER_VERSION=0x70009",
					"JUCE_MODULE_AVAILABLE_juce_audio_basics=1",
					"JUCE_MODULE_AVAILABLE_juce_audio_devices=1",
					"JUCE_MODULE_AVAILABLE_juce_audio_formats=1",
					"JUCE_MODULE_AVAILABLE_juce_audio_plugin_client=1",
					"JUCE_MODULE_AVAILABLE_juce_audio_processors=1",
					"JUCE_MODULE_AVAILABLE_juce_audio_utils=1",
					"JUCE_MODULE_AVAILABLE_juce_core=1",
					"JUCE_MODULE_AVAILABLE_juce_data_structures=1",
					"JUCE_MODULE_AVAILABLE_juce_events=1",
					"JUCE_MODULE_AVAILABLE_juce_graphics=1",
					"JUCE_MODULE_AVAILABLE_juce_gui_basics=1",
					"JUCE_MODULE_AVAILABLE_juce_gui_extra=1",
					"JUCE_GLOBAL_MODULE_SETTINGS_INCLUDED=1",
					"JUCE_VST3_CAN_REPLACE_VST2=0",
					"JUCE_STRICT_REFCOUNTEDPOINTER=1",
					"JucePlugin_Build_VST=0",
					"JucePlugin_Build_VST3=1",
					"JucePlugin_Build_AU=0",
					"JucePlugin_Build_AUv3=0",
					"JucePlugin_Build_AAX=0",
					"JucePlugin_Build_Standalone=1",
					"JucePlugin_Build_Unity=0",
					"JucePlugin_Build_LV2=0",
					"JucePlugin_Enable_IAA=0",
					"JucePlugin_Enable_ARA=0",
					"JucePlugin_Name=\\\"MyJX11\\\"",
					"JucePlugin_Desc=\\\"MyJX11\\\"",
					"JucePlugin_Manufacturer=\\\"Chopov1\\\"",
					"JucePlugin_ManufacturerWebsite=\\\"www.yourcompany.com\\\"",
					"JucePlugin_ManufacturerEmail=\\\"\\\"",
					"JucePlugin_ManufacturerCode=0x43686f70",
					"JucePlugin_PluginCode=0x4d794a58",
					"JucePlugin_IsSynth=1",
					"JucePlugin_WantsMidiInput=1",
					"JucePlugin_ProducesMidiOutput=0",
					"JucePlugin_IsMidiEffect=0",
					"JucePlugin_EditorRequiresKeyboardFocus=0",
					"JucePlugin_Version=1.0.0",
					"JucePlugin_VersionCode=0x10000",
					"JucePlugin_VersionString=\\\"1.0.0\\\"",
					"JucePlugin_VSTUniqueID=JucePlugin_PluginCode",
					"JucePlugin_VSTCategory=kPlugCategSynth",
					"JucePlugin_Vst3Category=\\\"Instrument|Synth\\\"",
					"JucePlugin_AUMainType=\\'aumu\\'",
					"JucePlugin_AUSubType=JucePlugin_PluginCode",
					"JucePlugin_AUExportPrefix=MyJX11AU",
					"JucePlugin_AUExportPrefixQuoted=\\\"MyJX11AU\\\"",
					"JucePlugin_AUManufacturerCode=JucePlugin_ManufacturerCode",
					"JucePlugin_CFBundleIdentifier=com.yourcompany.MyJX11",
					"JucePlugin_AAXIdentifier=com.yourcompany.MyJX11",
					"JucePlugin_AAXManufacturerCode=JucePlugin_ManufacturerCode",
					"JucePlugin_AAXProductId=JucePlugin_PluginCode",
					"JucePlugin_AAXCategory=2048",
					"JucePlugin_AAXDisableBypass=0",
					"JucePlugin_AAXDisableMultiMono=0",
					"JucePlugin_IAAType=0x61757269",
					"JucePlugin_IAASubType=JucePlugin_PluginCode",
					"JucePlugin_IAAName=\\\"Chopov1:\\ MyJX11\\\"",
					"JucePlugin_VSTNumMidiInputs=16",
					"JucePlugin_VSTNumMidiOutputs=16",
					"JucePlugin_ARAContentTypes=0",
					"JucePlugin_ARATransformationFlags=0",
					"JucePlugin_ARAFactoryID=\\\"com.yourcompany.MyJX11.factory\\\"",
					"JucePlugin_ARADocumentArchiveID=\\\"com.yourcompany.MyJX11.aradocumentarchive.1.0.0\\\"",
					"JucePlugin_ARACompatibleArchiveIDs=\\\"\\\"",
					"JUCE_STANDALONE_APPLICATION=JucePlugin_Build_Standalone",
					"JUCER_XCODE_MAC_F6D2F4CF=1",
					"JUCE_APP_VERSION=1.0.0",
					"JUCE_APP_VERSION_HEX=0x10000",
					"JUCE_SHARED_CODE=1",
				);
				GCC_VERSION = com.apple.compilers.llvm.clang.1_0;
				HEADER_SEARCH_PATHS = (
					"/Users/themackbook/Documents/JUCE/modules/juce_audio_processors/format_types/VST3_SDK",
					"$(SRCROOT)/../../JuceLibraryCode",
					"/Users/themackbook/Documents/JUCE/modules",
					"/Users/themackbook/Documents/JUCE/modules/juce_audio_plugin_client/AU",
					"$(inherited)",
				);
				INSTALL_PATH = "@executable_path/../Frameworks";
				LLVM_LTO = YES;
				MACOSX_DEPLOYMENT_TARGET = 10.13;
				MTL_HEADER_SEARCH_PATHS = "/Users/themackbook/Documents/JUCE/modules/juce_audio_processors/format_types/VST3_SDK $(SRCROOT)/../../JuceLibraryCode /Users/themackbook/Documents/JUCE/modules /Users/themackbook/Documents/JUCE/modules/juce_audio_plugin_client/AU";
				OTHER_CFLAGS = "-Wall -Wextra";
				OTHER_CPLUSPLUSFLAGS = "-Wall -Wextra";
				PRODUCT_BUNDLE_IDENTIFIER = com.yourcompany.MyJX11;
				PRODUCT_NAME = "MyJX11";
				SKIP_INSTALL = YES;
				USE_HEADERMAP = NO;
				VALID_ARCHS = "i386 x86_64 arm64 arm64e";
			};
			name = Release;
		};
/* End XCBuildConfiguration section */

/* Begin XCConfigurationList section */
		1F1CBB1117D46C7013C2204A = {
			isa = XCConfigurationList;
			buildConfigurations = (
				0FD77DC79DEB04B0197B4DB9,
				3023649D9ADCBABD73C6A743,
			);
			defaultConfigurationIsVisible = 0;
			defaultConfigurationName = Debug;
		};
		601DC8DC6371870D8A645DF4 = {
			isa = XCConfigurationList;
			buildConfigurations = (
				D7349D9C2DD377EBDB46E344,
				F1267596672D3017ABE41EB9,
			);
			defaultConfigurationIsVisible = 0;
			defaultConfigurationName = Debug;
		};
		75E8E9DFAD33D15C1BB4AD77 = {
			isa = XCConfigurationList;
			buildConfigurations = (
				E412965EF24CFED83A1BD34B,
				5FCA13D438E786E0E881A16B,
			);
			defaultConfigurationIsVisible = 0;
			defaultConfigurationName = Debug;
		};
		BBDA29AED5A41962D1D0D685 = {
			isa = XCConfigurationList;
			buildConfigurations = (
				21E55712AA3C3319F8AB443B,
				DD969CE38FCAFEA151631248,
			);
			defaultConfigurationIsVisible = 0;
			defaultConfigurationName = Debug;
		};
		DF7BEAD797638475E2D2DC4B = {
			isa = XCConfigurationList;
			buildConfigurations = (
				768F79616206642787F13E77,
				B5C9DB0955DE8C631514180E,
			);
			defaultConfigurationIsVisible = 0;
			defaultConfigurationName = Debug;
		};
		F180987208EF74AE7A6CB666 = {
			isa = XCConfigurationList;
			buildConfigurations = (
				DBCF09D8465487CB23557AC8,
				C80D08D44108BCD435FF8563,
			);
			defaultConfigurationIsVisible = 0;
			defaultConfigurationName = Debug;
		};
/* End XCConfigurationList section */
	};
	rootObject = A1772E7346CEC79D6E456D46 /* Project object */;
}
